// !$*UTF8*$!
{
	archiveVersion = 1;
	classes = {
	};
	objectVersion = 50;
	objects = {

/* Begin PBXBuildFile section */
		514202478004E5CDFC2050C6 /* Pods_MovieMasterDetailTests.framework in Frameworks */ = {isa = PBXBuildFile; fileRef = B9889FF6A0AD4CB715E9198E /* Pods_MovieMasterDetailTests.framework */; };
		70CA05ABD066D5C73FE7E2B7 /* Pods_MovieMasterDetail.framework in Frameworks */ = {isa = PBXBuildFile; fileRef = 30C1836F7BE560764EE76C6B /* Pods_MovieMasterDetail.framework */; };
		D0E123D424A3C92A00F22F6B /* AppDelegate.swift in Sources */ = {isa = PBXBuildFile; fileRef = D0E123D324A3C92A00F22F6B /* AppDelegate.swift */; };
		D0E123D624A3C92A00F22F6B /* SceneDelegate.swift in Sources */ = {isa = PBXBuildFile; fileRef = D0E123D524A3C92A00F22F6B /* SceneDelegate.swift */; };
		D0E123D824A3C92A00F22F6B /* ViewController.swift in Sources */ = {isa = PBXBuildFile; fileRef = D0E123D724A3C92A00F22F6B /* ViewController.swift */; };
		D0E123DB24A3C92A00F22F6B /* Main.storyboard in Resources */ = {isa = PBXBuildFile; fileRef = D0E123D924A3C92A00F22F6B /* Main.storyboard */; };
		D0E123DD24A3C92C00F22F6B /* Assets.xcassets in Resources */ = {isa = PBXBuildFile; fileRef = D0E123DC24A3C92C00F22F6B /* Assets.xcassets */; };
		D0E123E024A3C92C00F22F6B /* LaunchScreen.storyboard in Resources */ = {isa = PBXBuildFile; fileRef = D0E123DE24A3C92C00F22F6B /* LaunchScreen.storyboard */; };
		D0E123EB24A3C92C00F22F6B /* MovieMasterDetailTests.swift in Sources */ = {isa = PBXBuildFile; fileRef = D0E123EA24A3C92C00F22F6B /* MovieMasterDetailTests.swift */; };
/* End PBXBuildFile section */

/* Begin PBXContainerItemProxy section */
		D0E123E724A3C92C00F22F6B /* PBXContainerItemProxy */ = {
			isa = PBXContainerItemProxy;
			containerPortal = D0E123C824A3C92A00F22F6B /* Project object */;
			proxyType = 1;
			remoteGlobalIDString = D0E123CF24A3C92A00F22F6B;
			remoteInfo = MovieMasterDetail;
		};
/* End PBXContainerItemProxy section */

/* Begin PBXFileReference section */
		30C1836F7BE560764EE76C6B /* Pods_MovieMasterDetail.framework */ = {isa = PBXFileReference; explicitFileType = wrapper.framework; includeInIndex = 0; path = Pods_MovieMasterDetail.framework; sourceTree = BUILT_PRODUCTS_DIR; };
		362198F965024DCAAFC518AF /* Pods-MovieMasterDetail.debug.xcconfig */ = {isa = PBXFileReference; includeInIndex = 1; lastKnownFileType = text.xcconfig; name = "Pods-MovieMasterDetail.debug.xcconfig"; path = "Target Support Files/Pods-MovieMasterDetail/Pods-MovieMasterDetail.debug.xcconfig"; sourceTree = "<group>"; };
		5AD7A3BDC4459D18D1B9B80F /* Pods-MovieMasterDetailTests.release.xcconfig */ = {isa = PBXFileReference; includeInIndex = 1; lastKnownFileType = text.xcconfig; name = "Pods-MovieMasterDetailTests.release.xcconfig"; path = "Target Support Files/Pods-MovieMasterDetailTests/Pods-MovieMasterDetailTests.release.xcconfig"; sourceTree = "<group>"; };
		B9889FF6A0AD4CB715E9198E /* Pods_MovieMasterDetailTests.framework */ = {isa = PBXFileReference; explicitFileType = wrapper.framework; includeInIndex = 0; path = Pods_MovieMasterDetailTests.framework; sourceTree = BUILT_PRODUCTS_DIR; };
		D0E123D024A3C92A00F22F6B /* MovieMasterDetail.app */ = {isa = PBXFileReference; explicitFileType = wrapper.application; includeInIndex = 0; path = MovieMasterDetail.app; sourceTree = BUILT_PRODUCTS_DIR; };
		D0E123D324A3C92A00F22F6B /* AppDelegate.swift */ = {isa = PBXFileReference; lastKnownFileType = sourcecode.swift; path = AppDelegate.swift; sourceTree = "<group>"; };
		D0E123D524A3C92A00F22F6B /* SceneDelegate.swift */ = {isa = PBXFileReference; lastKnownFileType = sourcecode.swift; path = SceneDelegate.swift; sourceTree = "<group>"; };
		D0E123D724A3C92A00F22F6B /* ViewController.swift */ = {isa = PBXFileReference; lastKnownFileType = sourcecode.swift; path = ViewController.swift; sourceTree = "<group>"; };
		D0E123DA24A3C92A00F22F6B /* Base */ = {isa = PBXFileReference; lastKnownFileType = file.storyboard; name = Base; path = Base.lproj/Main.storyboard; sourceTree = "<group>"; };
		D0E123DC24A3C92C00F22F6B /* Assets.xcassets */ = {isa = PBXFileReference; lastKnownFileType = folder.assetcatalog; path = Assets.xcassets; sourceTree = "<group>"; };
		D0E123DF24A3C92C00F22F6B /* Base */ = {isa = PBXFileReference; lastKnownFileType = file.storyboard; name = Base; path = Base.lproj/LaunchScreen.storyboard; sourceTree = "<group>"; };
		D0E123E124A3C92C00F22F6B /* Info.plist */ = {isa = PBXFileReference; lastKnownFileType = text.plist.xml; path = Info.plist; sourceTree = "<group>"; };
		D0E123E624A3C92C00F22F6B /* MovieMasterDetailTests.xctest */ = {isa = PBXFileReference; explicitFileType = wrapper.cfbundle; includeInIndex = 0; path = MovieMasterDetailTests.xctest; sourceTree = BUILT_PRODUCTS_DIR; };
		D0E123EA24A3C92C00F22F6B /* MovieMasterDetailTests.swift */ = {isa = PBXFileReference; lastKnownFileType = sourcecode.swift; path = MovieMasterDetailTests.swift; sourceTree = "<group>"; };
		D0E123EC24A3C92C00F22F6B /* Info.plist */ = {isa = PBXFileReference; lastKnownFileType = text.plist.xml; path = Info.plist; sourceTree = "<group>"; };
		D3A6244D424E6158569F39E5 /* Pods-MovieMasterDetailTests.debug.xcconfig */ = {isa = PBXFileReference; includeInIndex = 1; lastKnownFileType = text.xcconfig; name = "Pods-MovieMasterDetailTests.debug.xcconfig"; path = "Target Support Files/Pods-MovieMasterDetailTests/Pods-MovieMasterDetailTests.debug.xcconfig"; sourceTree = "<group>"; };
		DD34A05A73C2BE096FD1A6B4 /* Pods-MovieMasterDetail.release.xcconfig */ = {isa = PBXFileReference; includeInIndex = 1; lastKnownFileType = text.xcconfig; name = "Pods-MovieMasterDetail.release.xcconfig"; path = "Target Support Files/Pods-MovieMasterDetail/Pods-MovieMasterDetail.release.xcconfig"; sourceTree = "<group>"; };
/* End PBXFileReference section */

/* Begin PBXFrameworksBuildPhase section */
		D0E123CD24A3C92A00F22F6B /* Frameworks */ = {
			isa = PBXFrameworksBuildPhase;
			buildActionMask = 2147483647;
			files = (
				70CA05ABD066D5C73FE7E2B7 /* Pods_MovieMasterDetail.framework in Frameworks */,
			);
			runOnlyForDeploymentPostprocessing = 0;
		};
		D0E123E324A3C92C00F22F6B /* Frameworks */ = {
			isa = PBXFrameworksBuildPhase;
			buildActionMask = 2147483647;
			files = (
				514202478004E5CDFC2050C6 /* Pods_MovieMasterDetailTests.framework in Frameworks */,
			);
			runOnlyForDeploymentPostprocessing = 0;
		};
/* End PBXFrameworksBuildPhase section */

/* Begin PBXGroup section */
		475AC78B15E6E50E98B4BC80 /* Pods */ = {
			isa = PBXGroup;
			children = (
				362198F965024DCAAFC518AF /* Pods-MovieMasterDetail.debug.xcconfig */,
				DD34A05A73C2BE096FD1A6B4 /* Pods-MovieMasterDetail.release.xcconfig */,
				D3A6244D424E6158569F39E5 /* Pods-MovieMasterDetailTests.debug.xcconfig */,
				5AD7A3BDC4459D18D1B9B80F /* Pods-MovieMasterDetailTests.release.xcconfig */,
			);
			name = Pods;
			path = Pods;
			sourceTree = "<group>";
		};
		4EA4512572F8FF91AB3C1EA9 /* Frameworks */ = {
			isa = PBXGroup;
			children = (
				30C1836F7BE560764EE76C6B /* Pods_MovieMasterDetail.framework */,
				B9889FF6A0AD4CB715E9198E /* Pods_MovieMasterDetailTests.framework */,
			);
			name = Frameworks;
			sourceTree = "<group>";
		};
		D0E123C724A3C92A00F22F6B = {
			isa = PBXGroup;
			children = (
				D0E123D224A3C92A00F22F6B /* MovieMasterDetail */,
				D0E123E924A3C92C00F22F6B /* MovieMasterDetailTests */,
				D0E123D124A3C92A00F22F6B /* Products */,
				475AC78B15E6E50E98B4BC80 /* Pods */,
				4EA4512572F8FF91AB3C1EA9 /* Frameworks */,
			);
			sourceTree = "<group>";
		};
		D0E123D124A3C92A00F22F6B /* Products */ = {
			isa = PBXGroup;
			children = (
				D0E123D024A3C92A00F22F6B /* MovieMasterDetail.app */,
				D0E123E624A3C92C00F22F6B /* MovieMasterDetailTests.xctest */,
			);
			name = Products;
			sourceTree = "<group>";
		};
		D0E123D224A3C92A00F22F6B /* MovieMasterDetail */ = {
			isa = PBXGroup;
			children = (
				D0E123D324A3C92A00F22F6B /* AppDelegate.swift */,
				D0E123D524A3C92A00F22F6B /* SceneDelegate.swift */,
				D0E123D724A3C92A00F22F6B /* ViewController.swift */,
				D0E123D924A3C92A00F22F6B /* Main.storyboard */,
				D0E123DC24A3C92C00F22F6B /* Assets.xcassets */,
				D0E123DE24A3C92C00F22F6B /* LaunchScreen.storyboard */,
				D0E123E124A3C92C00F22F6B /* Info.plist */,
			);
			path = MovieMasterDetail;
			sourceTree = "<group>";
		};
		D0E123E924A3C92C00F22F6B /* MovieMasterDetailTests */ = {
			isa = PBXGroup;
			children = (
				D0E123EA24A3C92C00F22F6B /* MovieMasterDetailTests.swift */,
				D0E123EC24A3C92C00F22F6B /* Info.plist */,
			);
			path = MovieMasterDetailTests;
			sourceTree = "<group>";
		};
/* End PBXGroup section */

/* Begin PBXNativeTarget section */
		D0E123CF24A3C92A00F22F6B /* MovieMasterDetail */ = {
			isa = PBXNativeTarget;
			buildConfigurationList = D0E123EF24A3C92C00F22F6B /* Build configuration list for PBXNativeTarget "MovieMasterDetail" */;
			buildPhases = (
				E69B94C92F5E386E0BCA7C68 /* [CP] Check Pods Manifest.lock */,
				D0E123CC24A3C92A00F22F6B /* Sources */,
				D0E123CD24A3C92A00F22F6B /* Frameworks */,
				D0E123CE24A3C92A00F22F6B /* Resources */,
				E13DFC0A26B37378081E5D68 /* [CP] Embed Pods Frameworks */,
			);
			buildRules = (
			);
			dependencies = (
			);
			name = MovieMasterDetail;
			productName = MovieMasterDetail;
			productReference = D0E123D024A3C92A00F22F6B /* MovieMasterDetail.app */;
			productType = "com.apple.product-type.application";
		};
		D0E123E524A3C92C00F22F6B /* MovieMasterDetailTests */ = {
			isa = PBXNativeTarget;
			buildConfigurationList = D0E123F224A3C92C00F22F6B /* Build configuration list for PBXNativeTarget "MovieMasterDetailTests" */;
			buildPhases = (
				2AF91FA61E0FCC66143BFC73 /* [CP] Check Pods Manifest.lock */,
				D0E123E224A3C92C00F22F6B /* Sources */,
				D0E123E324A3C92C00F22F6B /* Frameworks */,
				D0E123E424A3C92C00F22F6B /* Resources */,
			);
			buildRules = (
			);
			dependencies = (
				D0E123E824A3C92C00F22F6B /* PBXTargetDependency */,
			);
			name = MovieMasterDetailTests;
			productName = MovieMasterDetailTests;
			productReference = D0E123E624A3C92C00F22F6B /* MovieMasterDetailTests.xctest */;
			productType = "com.apple.product-type.bundle.unit-test";
		};
/* End PBXNativeTarget section */

/* Begin PBXProject section */
		D0E123C824A3C92A00F22F6B /* Project object */ = {
			isa = PBXProject;
			attributes = {
				LastSwiftUpdateCheck = 1120;
				LastUpgradeCheck = 1120;
				ORGANIZATIONNAME = "Mena Gamal";
				TargetAttributes = {
					D0E123CF24A3C92A00F22F6B = {
						CreatedOnToolsVersion = 11.2.1;
					};
					D0E123E524A3C92C00F22F6B = {
						CreatedOnToolsVersion = 11.2.1;
						TestTargetID = D0E123CF24A3C92A00F22F6B;
					};
				};
			};
			buildConfigurationList = D0E123CB24A3C92A00F22F6B /* Build configuration list for PBXProject "MovieMasterDetail" */;
			compatibilityVersion = "Xcode 9.3";
			developmentRegion = en;
			hasScannedForEncodings = 0;
			knownRegions = (
				en,
				Base,
			);
			mainGroup = D0E123C724A3C92A00F22F6B;
			productRefGroup = D0E123D124A3C92A00F22F6B /* Products */;
			projectDirPath = "";
			projectRoot = "";
			targets = (
				D0E123CF24A3C92A00F22F6B /* MovieMasterDetail */,
				D0E123E524A3C92C00F22F6B /* MovieMasterDetailTests */,
			);
		};
/* End PBXProject section */

/* Begin PBXResourcesBuildPhase section */
		D0E123CE24A3C92A00F22F6B /* Resources */ = {
			isa = PBXResourcesBuildPhase;
			buildActionMask = 2147483647;
			files = (
				D0E123E024A3C92C00F22F6B /* LaunchScreen.storyboard in Resources */,
				D0E123DD24A3C92C00F22F6B /* Assets.xcassets in Resources */,
				D0E123DB24A3C92A00F22F6B /* Main.storyboard in Resources */,
			);
			runOnlyForDeploymentPostprocessing = 0;
		};
		D0E123E424A3C92C00F22F6B /* Resources */ = {
			isa = PBXResourcesBuildPhase;
			buildActionMask = 2147483647;
			files = (
			);
			runOnlyForDeploymentPostprocessing = 0;
		};
/* End PBXResourcesBuildPhase section */

/* Begin PBXShellScriptBuildPhase section */
		2AF91FA61E0FCC66143BFC73 /* [CP] Check Pods Manifest.lock */ = {
			isa = PBXShellScriptBuildPhase;
			buildActionMask = 2147483647;
			files = (
			);
			inputFileListPaths = (
			);
			inputPaths = (
				"${PODS_PODFILE_DIR_PATH}/Podfile.lock",
				"${PODS_ROOT}/Manifest.lock",
			);
			name = "[CP] Check Pods Manifest.lock";
			outputFileListPaths = (
			);
			outputPaths = (
				"$(DERIVED_FILE_DIR)/Pods-MovieMasterDetailTests-checkManifestLockResult.txt",
			);
			runOnlyForDeploymentPostprocessing = 0;
			shellPath = /bin/sh;
			shellScript = "diff \"${PODS_PODFILE_DIR_PATH}/Podfile.lock\" \"${PODS_ROOT}/Manifest.lock\" > /dev/null\nif [ $? != 0 ] ; then\n    # print error to STDERR\n    echo \"error: The sandbox is not in sync with the Podfile.lock. Run 'pod install' or update your CocoaPods installation.\" >&2\n    exit 1\nfi\n# This output is used by Xcode 'outputs' to avoid re-running this script phase.\necho \"SUCCESS\" > \"${SCRIPT_OUTPUT_FILE_0}\"\n";
			showEnvVarsInLog = 0;
		};
		E13DFC0A26B37378081E5D68 /* [CP] Embed Pods Frameworks */ = {
			isa = PBXShellScriptBuildPhase;
			buildActionMask = 2147483647;
			files = (
			);
			inputFileListPaths = (
				"${PODS_ROOT}/Target Support Files/Pods-MovieMasterDetail/Pods-MovieMasterDetail-frameworks-${CONFIGURATION}-input-files.xcfilelist",
			);
			name = "[CP] Embed Pods Frameworks";
			outputFileListPaths = (
				"${PODS_ROOT}/Target Support Files/Pods-MovieMasterDetail/Pods-MovieMasterDetail-frameworks-${CONFIGURATION}-output-files.xcfilelist",
			);
			runOnlyForDeploymentPostprocessing = 0;
			shellPath = /bin/sh;
			shellScript = "\"${PODS_ROOT}/Target Support Files/Pods-MovieMasterDetail/Pods-MovieMasterDetail-frameworks.sh\"\n";
			showEnvVarsInLog = 0;
		};
		E69B94C92F5E386E0BCA7C68 /* [CP] Check Pods Manifest.lock */ = {
			isa = PBXShellScriptBuildPhase;
			buildActionMask = 2147483647;
			files = (
			);
			inputFileListPaths = (
			);
			inputPaths = (
				"${PODS_PODFILE_DIR_PATH}/Podfile.lock",
				"${PODS_ROOT}/Manifest.lock",
			);
			name = "[CP] Check Pods Manifest.lock";
			outputFileListPaths = (
			);
			outputPaths = (
				"$(DERIVED_FILE_DIR)/Pods-MovieMasterDetail-checkManifestLockResult.txt",
			);
			runOnlyForDeploymentPostprocessing = 0;
			shellPath = /bin/sh;
			shellScript = "diff \"${PODS_PODFILE_DIR_PATH}/Podfile.lock\" \"${PODS_ROOT}/Manifest.lock\" > /dev/null\nif [ $? != 0 ] ; then\n    # print error to STDERR\n    echo \"error: The sandbox is not in sync with the Podfile.lock. Run 'pod install' or update your CocoaPods installation.\" >&2\n    exit 1\nfi\n# This output is used by Xcode 'outputs' to avoid re-running this script phase.\necho \"SUCCESS\" > \"${SCRIPT_OUTPUT_FILE_0}\"\n";
			showEnvVarsInLog = 0;
		};
/* End PBXShellScriptBuildPhase section */

/* Begin PBXSourcesBuildPhase section */
		D0E123CC24A3C92A00F22F6B /* Sources */ = {
			isa = PBXSourcesBuildPhase;
			buildActionMask = 2147483647;
			files = (
				D0E123D824A3C92A00F22F6B /* ViewController.swift in Sources */,
				D0E123D424A3C92A00F22F6B /* AppDelegate.swift in Sources */,
				D0E123D624A3C92A00F22F6B /* SceneDelegate.swift in Sources */,
			);
			runOnlyForDeploymentPostprocessing = 0;
		};
		D0E123E224A3C92C00F22F6B /* Sources */ = {
			isa = PBXSourcesBuildPhase;
			buildActionMask = 2147483647;
			files = (
				D0E123EB24A3C92C00F22F6B /* MovieMasterDetailTests.swift in Sources */,
			);
			runOnlyForDeploymentPostprocessing = 0;
		};
/* End PBXSourcesBuildPhase section */

/* Begin PBXTargetDependency section */
		D0E123E824A3C92C00F22F6B /* PBXTargetDependency */ = {
			isa = PBXTargetDependency;
			target = D0E123CF24A3C92A00F22F6B /* MovieMasterDetail */;
			targetProxy = D0E123E724A3C92C00F22F6B /* PBXContainerItemProxy */;
		};
/* End PBXTargetDependency section */

/* Begin PBXVariantGroup section */
		D0E123D924A3C92A00F22F6B /* Main.storyboard */ = {
			isa = PBXVariantGroup;
			children = (
				D0E123DA24A3C92A00F22F6B /* Base */,
			);
			name = Main.storyboard;
			sourceTree = "<group>";
		};
		D0E123DE24A3C92C00F22F6B /* LaunchScreen.storyboard */ = {
			isa = PBXVariantGroup;
			children = (
				D0E123DF24A3C92C00F22F6B /* Base */,
			);
			name = LaunchScreen.storyboard;
			sourceTree = "<group>";
		};
/* End PBXVariantGroup section */

/* Begin XCBuildConfiguration section */
		D0E123ED24A3C92C00F22F6B /* Debug */ = {
			isa = XCBuildConfiguration;
			buildSettings = {
				ALWAYS_SEARCH_USER_PATHS = NO;
				CLANG_ANALYZER_NONNULL = YES;
				CLANG_ANALYZER_NUMBER_OBJECT_CONVERSION = YES_AGGRESSIVE;
				CLANG_CXX_LANGUAGE_STANDARD = "gnu++14";
				CLANG_CXX_LIBRARY = "libc++";
				CLANG_ENABLE_MODULES = YES;
				CLANG_ENABLE_OBJC_ARC = YES;
				CLANG_ENABLE_OBJC_WEAK = YES;
				CLANG_WARN_BLOCK_CAPTURE_AUTORELEASING = YES;
				CLANG_WARN_BOOL_CONVERSION = YES;
				CLANG_WARN_COMMA = YES;
				CLANG_WARN_CONSTANT_CONVERSION = YES;
				CLANG_WARN_DEPRECATED_OBJC_IMPLEMENTATIONS = YES;
				CLANG_WARN_DIRECT_OBJC_ISA_USAGE = YES_ERROR;
				CLANG_WARN_DOCUMENTATION_COMMENTS = YES;
				CLANG_WARN_EMPTY_BODY = YES;
				CLANG_WARN_ENUM_CONVERSION = YES;
				CLANG_WARN_INFINITE_RECURSION = YES;
				CLANG_WARN_INT_CONVERSION = YES;
				CLANG_WARN_NON_LITERAL_NULL_CONVERSION = YES;
				CLANG_WARN_OBJC_IMPLICIT_RETAIN_SELF = YES;
				CLANG_WARN_OBJC_LITERAL_CONVERSION = YES;
				CLANG_WARN_OBJC_ROOT_CLASS = YES_ERROR;
				CLANG_WARN_RANGE_LOOP_ANALYSIS = YES;
				CLANG_WARN_STRICT_PROTOTYPES = YES;
				CLANG_WARN_SUSPICIOUS_MOVE = YES;
				CLANG_WARN_UNGUARDED_AVAILABILITY = YES_AGGRESSIVE;
				CLANG_WARN_UNREACHABLE_CODE = YES;
				CLANG_WARN__DUPLICATE_METHOD_MATCH = YES;
				COPY_PHASE_STRIP = NO;
				DEBUG_INFORMATION_FORMAT = dwarf;
				ENABLE_STRICT_OBJC_MSGSEND = YES;
				ENABLE_TESTABILITY = YES;
				GCC_C_LANGUAGE_STANDARD = gnu11;
				GCC_DYNAMIC_NO_PIC = NO;
				GCC_NO_COMMON_BLOCKS = YES;
				GCC_OPTIMIZATION_LEVEL = 0;
				GCC_PREPROCESSOR_DEFINITIONS = (
					"DEBUG=1",
					"$(inherited)",
				);
				GCC_WARN_64_TO_32_BIT_CONVERSION = YES;
				GCC_WARN_ABOUT_RETURN_TYPE = YES_ERROR;
				GCC_WARN_UNDECLARED_SELECTOR = YES;
				GCC_WARN_UNINITIALIZED_AUTOS = YES_AGGRESSIVE;
				GCC_WARN_UNUSED_FUNCTION = YES;
				GCC_WARN_UNUSED_VARIABLE = YES;
				IPHONEOS_DEPLOYMENT_TARGET = 13.2;
				MTL_ENABLE_DEBUG_INFO = INCLUDE_SOURCE;
				MTL_FAST_MATH = YES;
				ONLY_ACTIVE_ARCH = YES;
				SDKROOT = iphoneos;
				SWIFT_ACTIVE_COMPILATION_CONDITIONS = DEBUG;
				SWIFT_OPTIMIZATION_LEVEL = "-Onone";
			};
			name = Debug;
		};
		D0E123EE24A3C92C00F22F6B /* Release */ = {
			isa = XCBuildConfiguration;
			buildSettings = {
				ALWAYS_SEARCH_USER_PATHS = NO;
				CLANG_ANALYZER_NONNULL = YES;
				CLANG_ANALYZER_NUMBER_OBJECT_CONVERSION = YES_AGGRESSIVE;
				CLANG_CXX_LANGUAGE_STANDARD = "gnu++14";
				CLANG_CXX_LIBRARY = "libc++";
				CLANG_ENABLE_MODULES = YES;
				CLANG_ENABLE_OBJC_ARC = YES;
				CLANG_ENABLE_OBJC_WEAK = YES;
				CLANG_WARN_BLOCK_CAPTURE_AUTORELEASING = YES;
				CLANG_WARN_BOOL_CONVERSION = YES;
				CLANG_WARN_COMMA = YES;
				CLANG_WARN_CONSTANT_CONVERSION = YES;
				CLANG_WARN_DEPRECATED_OBJC_IMPLEMENTATIONS = YES;
				CLANG_WARN_DIRECT_OBJC_ISA_USAGE = YES_ERROR;
				CLANG_WARN_DOCUMENTATION_COMMENTS = YES;
				CLANG_WARN_EMPTY_BODY = YES;
				CLANG_WARN_ENUM_CONVERSION = YES;
				CLANG_WARN_INFINITE_RECURSION = YES;
				CLANG_WARN_INT_CONVERSION = YES;
				CLANG_WARN_NON_LITERAL_NULL_CONVERSION = YES;
				CLANG_WARN_OBJC_IMPLICIT_RETAIN_SELF = YES;
				CLANG_WARN_OBJC_LITERAL_CONVERSION = YES;
				CLANG_WARN_OBJC_ROOT_CLASS = YES_ERROR;
				CLANG_WARN_RANGE_LOOP_ANALYSIS = YES;
				CLANG_WARN_STRICT_PROTOTYPES = YES;
				CLANG_WARN_SUSPICIOUS_MOVE = YES;
				CLANG_WARN_UNGUARDED_AVAILABILITY = YES_AGGRESSIVE;
				CLANG_WARN_UNREACHABLE_CODE = YES;
				CLANG_WARN__DUPLICATE_METHOD_MATCH = YES;
				COPY_PHASE_STRIP = NO;
				DEBUG_INFORMATION_FORMAT = "dwarf-with-dsym";
				ENABLE_NS_ASSERTIONS = NO;
				ENABLE_STRICT_OBJC_MSGSEND = YES;
				GCC_C_LANGUAGE_STANDARD = gnu11;
				GCC_NO_COMMON_BLOCKS = YES;
				GCC_WARN_64_TO_32_BIT_CONVERSION = YES;
				GCC_WARN_ABOUT_RETURN_TYPE = YES_ERROR;
				GCC_WARN_UNDECLARED_SELECTOR = YES;
				GCC_WARN_UNINITIALIZED_AUTOS = YES_AGGRESSIVE;
				GCC_WARN_UNUSED_FUNCTION = YES;
				GCC_WARN_UNUSED_VARIABLE = YES;
				IPHONEOS_DEPLOYMENT_TARGET = 13.2;
				MTL_ENABLE_DEBUG_INFO = NO;
				MTL_FAST_MATH = YES;
				SDKROOT = iphoneos;
				SWIFT_COMPILATION_MODE = wholemodule;
				SWIFT_OPTIMIZATION_LEVEL = "-O";
				VALIDATE_PRODUCT = YES;
			};
			name = Release;
		};
		D0E123F024A3C92C00F22F6B /* Debug */ = {
			isa = XCBuildConfiguration;
			baseConfigurationReference = 362198F965024DCAAFC518AF /* Pods-MovieMasterDetail.debug.xcconfig */;
			buildSettings = {
				ASSETCATALOG_COMPILER_APPICON_NAME = AppIcon;
				CODE_SIGN_STYLE = Automatic;
				DEVELOPMENT_TEAM = RHBB3377R2;
				INFOPLIST_FILE = MovieMasterDetail/Info.plist;
				LD_RUNPATH_SEARCH_PATHS = (
					"$(inherited)",
					"@executable_path/Frameworks",
				);
				PRODUCT_BUNDLE_IDENTIFIER = com.mena.MovieMasterDetail;
				PRODUCT_NAME = "$(TARGET_NAME)";
				SWIFT_VERSION = 5.0;
				TARGETED_DEVICE_FAMILY = "1,2";
			};
			name = Debug;
		};
		D0E123F124A3C92C00F22F6B /* Release */ = {
			isa = XCBuildConfiguration;
			baseConfigurationReference = DD34A05A73C2BE096FD1A6B4 /* Pods-MovieMasterDetail.release.xcconfig */;
			buildSettings = {
				ASSETCATALOG_COMPILER_APPICON_NAME = AppIcon;
				CODE_SIGN_STYLE = Automatic;
				DEVELOPMENT_TEAM = RHBB3377R2;
				INFOPLIST_FILE = MovieMasterDetail/Info.plist;
				LD_RUNPATH_SEARCH_PATHS = (
					"$(inherited)",
					"@executable_path/Frameworks",
				);
				PRODUCT_BUNDLE_IDENTIFIER = com.mena.MovieMasterDetail;
				PRODUCT_NAME = "$(TARGET_NAME)";
				SWIFT_VERSION = 5.0;
				TARGETED_DEVICE_FAMILY = "1,2";
			};
			name = Release;
		};
		D0E123F324A3C92C00F22F6B /* Debug */ = {
			isa = XCBuildConfiguration;
			baseConfigurationReference = D3A6244D424E6158569F39E5 /* Pods-MovieMasterDetailTests.debug.xcconfig */;
			buildSettings = {
				ALWAYS_EMBED_SWIFT_STANDARD_LIBRARIES = YES;
				BUNDLE_LOADER = "$(TEST_HOST)";
				CODE_SIGN_STYLE = Automatic;
				DEVELOPMENT_TEAM = RHBB3377R2;
				INFOPLIST_FILE = MovieMasterDetailTests/Info.plist;
				IPHONEOS_DEPLOYMENT_TARGET = 13.2;
				LD_RUNPATH_SEARCH_PATHS = (
					"$(inherited)",
					"@executable_path/Frameworks",
					"@loader_path/Frameworks",
				);
				PRODUCT_BUNDLE_IDENTIFIER = com.mena.MovieMasterDetailTests;
				PRODUCT_NAME = "$(TARGET_NAME)";
				SWIFT_VERSION = 5.0;
				TARGETED_DEVICE_FAMILY = "1,2";
				TEST_HOST = "$(BUILT_PRODUCTS_DIR)/MovieMasterDetail.app/MovieMasterDetail";
			};
			name = Debug;
		};
		D0E123F424A3C92C00F22F6B /* Release */ = {
			isa = XCBuildConfiguration;
			baseConfigurationReference = 5AD7A3BDC4459D18D1B9B80F /* Pods-MovieMasterDetailTests.release.xcconfig */;
			buildSettings = {
				ALWAYS_EMBED_SWIFT_STANDARD_LIBRARIES = YES;
				BUNDLE_LOADER = "$(TEST_HOST)";
				CODE_SIGN_STYLE = Automatic;
				DEVELOPMENT_TEAM = RHBB3377R2;
				INFOPLIST_FILE = MovieMasterDetailTests/Info.plist;
				IPHONEOS_DEPLOYMENT_TARGET = 13.2;
				LD_RUNPATH_SEARCH_PATHS = (
					"$(inherited)",
					"@executable_path/Frameworks",
					"@loader_path/Frameworks",
				);
				PRODUCT_BUNDLE_IDENTIFIER = com.mena.MovieMasterDetailTests;
				PRODUCT_NAME = "$(TARGET_NAME)";
				SWIFT_VERSION = 5.0;
				TARGETED_DEVICE_FAMILY = "1,2";
				TEST_HOST = "$(BUILT_PRODUCTS_DIR)/MovieMasterDetail.app/MovieMasterDetail";
			};
			name = Release;
		};
/* End XCBuildConfiguration section */

/* Begin XCConfigurationList section */
		D0E123CB24A3C92A00F22F6B /* Build configuration list for PBXProject "MovieMasterDetail" */ = {
			isa = XCConfigurationList;
			buildConfigurations = (
				D0E123ED24A3C92C00F22F6B /* Debug */,
				D0E123EE24A3C92C00F22F6B /* Release */,
			);
			defaultConfigurationIsVisible = 0;
			defaultConfigurationName = Release;
		};
		D0E123EF24A3C92C00F22F6B /* Build configuration list for PBXNativeTarget "MovieMasterDetail" */ = {
			isa = XCConfigurationList;
			buildConfigurations = (
				D0E123F024A3C92C00F22F6B /* Debug */,
				D0E123F124A3C92C00F22F6B /* Release */,
			);
			defaultConfigurationIsVisible = 0;
			defaultConfigurationName = Release;
		};
		D0E123F224A3C92C00F22F6B /* Build configuration list for PBXNativeTarget "MovieMasterDetailTests" */ = {
			isa = XCConfigurationList;
			buildConfigurations = (
				D0E123F324A3C92C00F22F6B /* Debug */,
				D0E123F424A3C92C00F22F6B /* Release */,
			);
			defaultConfigurationIsVisible = 0;
			defaultConfigurationName = Release;
		};
/* End XCConfigurationList section */
	};
	rootObject = D0E123C824A3C92A00F22F6B /* Project object */;
}
