// !$*UTF8*$!
{
	archiveVersion = 1;
	classes = {
	};
	objectVersion = 51;
	objects = {

/* Begin PBXBuildFile section */
		514202478004E5CDFC2050C6 /* Pods_MovieMasterDetailTests.framework in Frameworks */ = {isa = PBXBuildFile; fileRef = B9889FF6A0AD4CB715E9198E /* Pods_MovieMasterDetailTests.framework */; };
		70CA05ABD066D5C73FE7E2B7 /* Pods_MovieMasterDetail.framework in Frameworks */ = {isa = PBXBuildFile; fileRef = 30C1836F7BE560764EE76C6B /* Pods_MovieMasterDetail.framework */; };
		D013DC6524A6B0DF00740C94 /* PhotoApiResponse.swift in Sources */ = {isa = PBXBuildFile; fileRef = D013DC6424A6B0DF00740C94 /* PhotoApiResponse.swift */; };
		D013DC6624A6B0F600740C94 /* PhotoApiResponse.swift in Sources */ = {isa = PBXBuildFile; fileRef = D013DC6424A6B0DF00740C94 /* PhotoApiResponse.swift */; };
		D013DC6724A6B12F00740C94 /* PhotoResponse.swift in Sources */ = {isa = PBXBuildFile; fileRef = D0F48E8224A682EF00C7147B /* PhotoResponse.swift */; };
		D013DC6824A6B15000740C94 /* Photo.swift in Sources */ = {isa = PBXBuildFile; fileRef = D0F48E8024A682E100C7147B /* Photo.swift */; };
		D013DC6924A6B34A00740C94 /* UIImageView+Extentions.swift in Sources */ = {isa = PBXBuildFile; fileRef = D0E8B4BB24A53E65005A9296 /* UIImageView+Extentions.swift */; };
		D0C27BC324A5411600910F8A /* UIViewController+Extentions.swift in Sources */ = {isa = PBXBuildFile; fileRef = D0C27BC224A5411600910F8A /* UIViewController+Extentions.swift */; };
		D0C27BC424A54BB500910F8A /* DetailPresenter.swift in Sources */ = {isa = PBXBuildFile; fileRef = D0E0444D24A4115F00AADB5A /* DetailPresenter.swift */; };
		D0C27BC524A54BB500910F8A /* DetailRouter.swift in Sources */ = {isa = PBXBuildFile; fileRef = D0E0444E24A4115F00AADB5A /* DetailRouter.swift */; };
		D0C27BC624A54BB500910F8A /* DetailViewController.swift in Sources */ = {isa = PBXBuildFile; fileRef = D0E0444F24A4115F00AADB5A /* DetailViewController.swift */; };
		D0C27BC724A54BB500910F8A /* DetailBuilder.swift in Sources */ = {isa = PBXBuildFile; fileRef = D0E0445024A4115F00AADB5A /* DetailBuilder.swift */; };
		D0C27BC824A54BB500910F8A /* DetailInteractor.swift in Sources */ = {isa = PBXBuildFile; fileRef = D0E0445124A4115F00AADB5A /* DetailInteractor.swift */; };
		D0C27BC924A54BB500910F8A /* DetailView.swift in Sources */ = {isa = PBXBuildFile; fileRef = D0E0445224A4115F00AADB5A /* DetailView.swift */; };
		D0C27BCA24A54BB500910F8A /* DetailViewController.xib in Resources */ = {isa = PBXBuildFile; fileRef = D0E0445324A4115F00AADB5A /* DetailViewController.xib */; };
		D0C27BCB24A54BD200910F8A /* PhotoCollectionViewCell.swift in Sources */ = {isa = PBXBuildFile; fileRef = D0E8B4B724A53D31005A9296 /* PhotoCollectionViewCell.swift */; };
		D0C27BCC24A54BD200910F8A /* PhotoCollectionViewCell.xib in Resources */ = {isa = PBXBuildFile; fileRef = D0E8B4B824A53D31005A9296 /* PhotoCollectionViewCell.xib */; };
		D0C27BCD24A54BD200910F8A /* PhotoCollectionViewCellDataSource.swift in Sources */ = {isa = PBXBuildFile; fileRef = D0E8B4BD24A53F0B005A9296 /* PhotoCollectionViewCellDataSource.swift */; };
		D0E0443724A3EC6400AADB5A /* MovieTableViewCell.swift in Sources */ = {isa = PBXBuildFile; fileRef = D0E0443524A3EC6400AADB5A /* MovieTableViewCell.swift */; };
		D0E0443824A3EC6400AADB5A /* MovieTableViewCell.xib in Resources */ = {isa = PBXBuildFile; fileRef = D0E0443624A3EC6400AADB5A /* MovieTableViewCell.xib */; };
		D0E0443A24A3ECC700AADB5A /* MovieTableViewCellDataSource.swift in Sources */ = {isa = PBXBuildFile; fileRef = D0E0443924A3ECC700AADB5A /* MovieTableViewCellDataSource.swift */; };
		D0E0443D24A3FABA00AADB5A /* Array.swift in Sources */ = {isa = PBXBuildFile; fileRef = D0E0443C24A3FABA00AADB5A /* Array.swift */; };
		D0E0443E24A3FB7B00AADB5A /* AppConstants.swift in Sources */ = {isa = PBXBuildFile; fileRef = D0E1241124A3CD5000F22F6B /* AppConstants.swift */; };
		D0E0444024A3FC9200AADB5A /* Array.swift in Sources */ = {isa = PBXBuildFile; fileRef = D0E0443C24A3FABA00AADB5A /* Array.swift */; };
		D0E0444124A3FC9800AADB5A /* HomePresenter.swift in Sources */ = {isa = PBXBuildFile; fileRef = D0E123FA24A3CC3600F22F6B /* HomePresenter.swift */; };
		D0E0444324A3FCAD00AADB5A /* HomeConstant.swift in Sources */ = {isa = PBXBuildFile; fileRef = D0E1240E24A3CD0300F22F6B /* HomeConstant.swift */; };
		D0E0444424A3FCC500AADB5A /* HomeRouter.swift in Sources */ = {isa = PBXBuildFile; fileRef = D0E123FB24A3CC3600F22F6B /* HomeRouter.swift */; };
		D0E0444524A3FCC500AADB5A /* HomeView.swift in Sources */ = {isa = PBXBuildFile; fileRef = D0E123FF24A3CC3600F22F6B /* HomeView.swift */; };
		D0E0444624A3FCD200AADB5A /* MovieTableViewCell.swift in Sources */ = {isa = PBXBuildFile; fileRef = D0E0443524A3EC6400AADB5A /* MovieTableViewCell.swift */; };
		D0E0444724A3FCD200AADB5A /* MovieTableViewCellDataSource.swift in Sources */ = {isa = PBXBuildFile; fileRef = D0E0443924A3ECC700AADB5A /* MovieTableViewCellDataSource.swift */; };
		D0E0445424A4115F00AADB5A /* DetailPresenter.swift in Sources */ = {isa = PBXBuildFile; fileRef = D0E0444D24A4115F00AADB5A /* DetailPresenter.swift */; };
		D0E0445524A4115F00AADB5A /* DetailRouter.swift in Sources */ = {isa = PBXBuildFile; fileRef = D0E0444E24A4115F00AADB5A /* DetailRouter.swift */; };
		D0E0445624A4115F00AADB5A /* DetailViewController.swift in Sources */ = {isa = PBXBuildFile; fileRef = D0E0444F24A4115F00AADB5A /* DetailViewController.swift */; };
		D0E0445724A4115F00AADB5A /* DetailBuilder.swift in Sources */ = {isa = PBXBuildFile; fileRef = D0E0445024A4115F00AADB5A /* DetailBuilder.swift */; };
		D0E0445824A4115F00AADB5A /* DetailInteractor.swift in Sources */ = {isa = PBXBuildFile; fileRef = D0E0445124A4115F00AADB5A /* DetailInteractor.swift */; };
		D0E0445924A4115F00AADB5A /* DetailView.swift in Sources */ = {isa = PBXBuildFile; fileRef = D0E0445224A4115F00AADB5A /* DetailView.swift */; };
		D0E0445A24A4115F00AADB5A /* DetailViewController.xib in Resources */ = {isa = PBXBuildFile; fileRef = D0E0445324A4115F00AADB5A /* DetailViewController.xib */; };
		D0E123D424A3C92A00F22F6B /* AppDelegate.swift in Sources */ = {isa = PBXBuildFile; fileRef = D0E123D324A3C92A00F22F6B /* AppDelegate.swift */; };
		D0E123D624A3C92A00F22F6B /* SceneDelegate.swift in Sources */ = {isa = PBXBuildFile; fileRef = D0E123D524A3C92A00F22F6B /* SceneDelegate.swift */; };
		D0E123DB24A3C92A00F22F6B /* Main.storyboard in Resources */ = {isa = PBXBuildFile; fileRef = D0E123D924A3C92A00F22F6B /* Main.storyboard */; };
		D0E123DD24A3C92C00F22F6B /* Assets.xcassets in Resources */ = {isa = PBXBuildFile; fileRef = D0E123DC24A3C92C00F22F6B /* Assets.xcassets */; };
		D0E123E024A3C92C00F22F6B /* LaunchScreen.storyboard in Resources */ = {isa = PBXBuildFile; fileRef = D0E123DE24A3C92C00F22F6B /* LaunchScreen.storyboard */; };
		D0E123EB24A3C92C00F22F6B /* MovieMasterDetailTests.swift in Sources */ = {isa = PBXBuildFile; fileRef = D0E123EA24A3C92C00F22F6B /* MovieMasterDetailTests.swift */; };
		D0E123F724A3CC1700F22F6B /* movies.json in Resources */ = {isa = PBXBuildFile; fileRef = D0E123F624A3CC1700F22F6B /* movies.json */; };
		D0E1240124A3CC3600F22F6B /* HomePresenter.swift in Sources */ = {isa = PBXBuildFile; fileRef = D0E123FA24A3CC3600F22F6B /* HomePresenter.swift */; };
		D0E1240224A3CC3600F22F6B /* HomeRouter.swift in Sources */ = {isa = PBXBuildFile; fileRef = D0E123FB24A3CC3600F22F6B /* HomeRouter.swift */; };
		D0E1240324A3CC3600F22F6B /* HomeViewController.swift in Sources */ = {isa = PBXBuildFile; fileRef = D0E123FC24A3CC3600F22F6B /* HomeViewController.swift */; };
		D0E1240424A3CC3600F22F6B /* HomeBuilder.swift in Sources */ = {isa = PBXBuildFile; fileRef = D0E123FD24A3CC3600F22F6B /* HomeBuilder.swift */; };
		D0E1240524A3CC3600F22F6B /* HomeInteractor.swift in Sources */ = {isa = PBXBuildFile; fileRef = D0E123FE24A3CC3600F22F6B /* HomeInteractor.swift */; };
		D0E1240624A3CC3600F22F6B /* HomeView.swift in Sources */ = {isa = PBXBuildFile; fileRef = D0E123FF24A3CC3600F22F6B /* HomeView.swift */; };
		D0E1240F24A3CD0300F22F6B /* HomeConstant.swift in Sources */ = {isa = PBXBuildFile; fileRef = D0E1240E24A3CD0300F22F6B /* HomeConstant.swift */; };
		D0E1241224A3CD5000F22F6B /* AppConstants.swift in Sources */ = {isa = PBXBuildFile; fileRef = D0E1241124A3CD5000F22F6B /* AppConstants.swift */; };
		D0E1241524A3D11A00F22F6B /* movies.json in Resources */ = {isa = PBXBuildFile; fileRef = D0E123F624A3CC1700F22F6B /* movies.json */; };
		D0E1241724A3D50B00F22F6B /* Movie.swift in Sources */ = {isa = PBXBuildFile; fileRef = D0E1241624A3D50B00F22F6B /* Movie.swift */; };
		D0E1241924A3D52200F22F6B /* MoviesResponse.swift in Sources */ = {isa = PBXBuildFile; fileRef = D0E1241824A3D52200F22F6B /* MoviesResponse.swift */; };
		D0E1241A24A3D54400F22F6B /* MoviesResponse.swift in Sources */ = {isa = PBXBuildFile; fileRef = D0E1241824A3D52200F22F6B /* MoviesResponse.swift */; };
		D0E1241B24A3D54600F22F6B /* Movie.swift in Sources */ = {isa = PBXBuildFile; fileRef = D0E1241624A3D50B00F22F6B /* Movie.swift */; };
		D0E1241D24A3D5BE00F22F6B /* HomeInteractorMock.swift in Sources */ = {isa = PBXBuildFile; fileRef = D0E1241C24A3D5BE00F22F6B /* HomeInteractorMock.swift */; };
		D0E1241E24A3D73100F22F6B /* HomeInteractor.swift in Sources */ = {isa = PBXBuildFile; fileRef = D0E123FE24A3CC3600F22F6B /* HomeInteractor.swift */; };
		D0E8B4B924A53D31005A9296 /* PhotoCollectionViewCell.swift in Sources */ = {isa = PBXBuildFile; fileRef = D0E8B4B724A53D31005A9296 /* PhotoCollectionViewCell.swift */; };
		D0E8B4BA24A53D31005A9296 /* PhotoCollectionViewCell.xib in Resources */ = {isa = PBXBuildFile; fileRef = D0E8B4B824A53D31005A9296 /* PhotoCollectionViewCell.xib */; };
		D0E8B4BC24A53E65005A9296 /* UIImageView+Extentions.swift in Sources */ = {isa = PBXBuildFile; fileRef = D0E8B4BB24A53E65005A9296 /* UIImageView+Extentions.swift */; };
		D0E8B4BE24A53F0B005A9296 /* PhotoCollectionViewCellDataSource.swift in Sources */ = {isa = PBXBuildFile; fileRef = D0E8B4BD24A53F0B005A9296 /* PhotoCollectionViewCellDataSource.swift */; };
		D0F48E8124A682E100C7147B /* Photo.swift in Sources */ = {isa = PBXBuildFile; fileRef = D0F48E8024A682E100C7147B /* Photo.swift */; };
		D0F48E8324A682EF00C7147B /* PhotoResponse.swift in Sources */ = {isa = PBXBuildFile; fileRef = D0F48E8224A682EF00C7147B /* PhotoResponse.swift */; };
		D0F48E8524A6839300C7147B /* DetailTarget.swift in Sources */ = {isa = PBXBuildFile; fileRef = D0F48E8424A6839300C7147B /* DetailTarget.swift */; };
		D0F48E8724A683D000C7147B /* DetailConstant.swift in Sources */ = {isa = PBXBuildFile; fileRef = D0F48E8624A683D000C7147B /* DetailConstant.swift */; };
		D0F48E8924A6AB6100C7147B /* DetailInteractorMock.swift in Sources */ = {isa = PBXBuildFile; fileRef = D0F48E8824A6AB6100C7147B /* DetailInteractorMock.swift */; };
		D0F48E8A24A6ABE200C7147B /* DetailTarget.swift in Sources */ = {isa = PBXBuildFile; fileRef = D0F48E8424A6839300C7147B /* DetailTarget.swift */; };
		D0F48E8B24A6ACC400C7147B /* DetailConstant.swift in Sources */ = {isa = PBXBuildFile; fileRef = D0F48E8624A683D000C7147B /* DetailConstant.swift */; };
/* End PBXBuildFile section */

/* Begin PBXContainerItemProxy section */
		D0E123E724A3C92C00F22F6B /* PBXContainerItemProxy */ = {
			isa = PBXContainerItemProxy;
			containerPortal = D0E123C824A3C92A00F22F6B /* Project object */;
			proxyType = 1;
			remoteGlobalIDString = D0E123CF24A3C92A00F22F6B;
			remoteInfo = MovieMasterDetail;
		};
/* End PBXContainerItemProxy section */

/* Begin PBXFileReference section */
		30C1836F7BE560764EE76C6B /* Pods_MovieMasterDetail.framework */ = {isa = PBXFileReference; explicitFileType = wrapper.framework; includeInIndex = 0; path = Pods_MovieMasterDetail.framework; sourceTree = BUILT_PRODUCTS_DIR; };
		362198F965024DCAAFC518AF /* Pods-MovieMasterDetail.debug.xcconfig */ = {isa = PBXFileReference; includeInIndex = 1; lastKnownFileType = text.xcconfig; name = "Pods-MovieMasterDetail.debug.xcconfig"; path = "Target Support Files/Pods-MovieMasterDetail/Pods-MovieMasterDetail.debug.xcconfig"; sourceTree = "<group>"; };
		5AD7A3BDC4459D18D1B9B80F /* Pods-MovieMasterDetailTests.release.xcconfig */ = {isa = PBXFileReference; includeInIndex = 1; lastKnownFileType = text.xcconfig; name = "Pods-MovieMasterDetailTests.release.xcconfig"; path = "Target Support Files/Pods-MovieMasterDetailTests/Pods-MovieMasterDetailTests.release.xcconfig"; sourceTree = "<group>"; };
		B9889FF6A0AD4CB715E9198E /* Pods_MovieMasterDetailTests.framework */ = {isa = PBXFileReference; explicitFileType = wrapper.framework; includeInIndex = 0; path = Pods_MovieMasterDetailTests.framework; sourceTree = BUILT_PRODUCTS_DIR; };
		D013DC6424A6B0DF00740C94 /* PhotoApiResponse.swift */ = {isa = PBXFileReference; lastKnownFileType = sourcecode.swift; path = PhotoApiResponse.swift; sourceTree = "<group>"; };
		D0C27BC224A5411600910F8A /* UIViewController+Extentions.swift */ = {isa = PBXFileReference; lastKnownFileType = sourcecode.swift; path = "UIViewController+Extentions.swift"; sourceTree = "<group>"; };
		D0E0443524A3EC6400AADB5A /* MovieTableViewCell.swift */ = {isa = PBXFileReference; lastKnownFileType = sourcecode.swift; path = MovieTableViewCell.swift; sourceTree = "<group>"; };
		D0E0443624A3EC6400AADB5A /* MovieTableViewCell.xib */ = {isa = PBXFileReference; lastKnownFileType = file.xib; path = MovieTableViewCell.xib; sourceTree = "<group>"; };
		D0E0443924A3ECC700AADB5A /* MovieTableViewCellDataSource.swift */ = {isa = PBXFileReference; lastKnownFileType = sourcecode.swift; path = MovieTableViewCellDataSource.swift; sourceTree = "<group>"; };
		D0E0443C24A3FABA00AADB5A /* Array.swift */ = {isa = PBXFileReference; lastKnownFileType = sourcecode.swift; path = Array.swift; sourceTree = "<group>"; };
		D0E0444D24A4115F00AADB5A /* DetailPresenter.swift */ = {isa = PBXFileReference; lastKnownFileType = sourcecode.swift; path = DetailPresenter.swift; sourceTree = "<group>"; };
		D0E0444E24A4115F00AADB5A /* DetailRouter.swift */ = {isa = PBXFileReference; lastKnownFileType = sourcecode.swift; path = DetailRouter.swift; sourceTree = "<group>"; };
		D0E0444F24A4115F00AADB5A /* DetailViewController.swift */ = {isa = PBXFileReference; lastKnownFileType = sourcecode.swift; path = DetailViewController.swift; sourceTree = "<group>"; };
		D0E0445024A4115F00AADB5A /* DetailBuilder.swift */ = {isa = PBXFileReference; lastKnownFileType = sourcecode.swift; path = DetailBuilder.swift; sourceTree = "<group>"; };
		D0E0445124A4115F00AADB5A /* DetailInteractor.swift */ = {isa = PBXFileReference; lastKnownFileType = sourcecode.swift; path = DetailInteractor.swift; sourceTree = "<group>"; };
		D0E0445224A4115F00AADB5A /* DetailView.swift */ = {isa = PBXFileReference; lastKnownFileType = sourcecode.swift; path = DetailView.swift; sourceTree = "<group>"; };
		D0E0445324A4115F00AADB5A /* DetailViewController.xib */ = {isa = PBXFileReference; lastKnownFileType = file.xib; path = DetailViewController.xib; sourceTree = "<group>"; };
		D0E123D024A3C92A00F22F6B /* MovieMasterDetail.app */ = {isa = PBXFileReference; explicitFileType = wrapper.application; includeInIndex = 0; path = MovieMasterDetail.app; sourceTree = BUILT_PRODUCTS_DIR; };
		D0E123D324A3C92A00F22F6B /* AppDelegate.swift */ = {isa = PBXFileReference; lastKnownFileType = sourcecode.swift; path = AppDelegate.swift; sourceTree = "<group>"; };
		D0E123D524A3C92A00F22F6B /* SceneDelegate.swift */ = {isa = PBXFileReference; lastKnownFileType = sourcecode.swift; path = SceneDelegate.swift; sourceTree = "<group>"; };
		D0E123DA24A3C92A00F22F6B /* Base */ = {isa = PBXFileReference; lastKnownFileType = file.storyboard; name = Base; path = Base.lproj/Main.storyboard; sourceTree = "<group>"; };
		D0E123DC24A3C92C00F22F6B /* Assets.xcassets */ = {isa = PBXFileReference; lastKnownFileType = folder.assetcatalog; path = Assets.xcassets; sourceTree = "<group>"; };
		D0E123DF24A3C92C00F22F6B /* Base */ = {isa = PBXFileReference; lastKnownFileType = file.storyboard; name = Base; path = Base.lproj/LaunchScreen.storyboard; sourceTree = "<group>"; };
		D0E123E124A3C92C00F22F6B /* Info.plist */ = {isa = PBXFileReference; lastKnownFileType = text.plist.xml; path = Info.plist; sourceTree = "<group>"; };
		D0E123E624A3C92C00F22F6B /* MovieMasterDetailTests.xctest */ = {isa = PBXFileReference; explicitFileType = wrapper.cfbundle; includeInIndex = 0; path = MovieMasterDetailTests.xctest; sourceTree = BUILT_PRODUCTS_DIR; };
		D0E123EA24A3C92C00F22F6B /* MovieMasterDetailTests.swift */ = {isa = PBXFileReference; lastKnownFileType = sourcecode.swift; path = MovieMasterDetailTests.swift; sourceTree = "<group>"; };
		D0E123EC24A3C92C00F22F6B /* Info.plist */ = {isa = PBXFileReference; lastKnownFileType = text.plist.xml; path = Info.plist; sourceTree = "<group>"; };
		D0E123F624A3CC1700F22F6B /* movies.json */ = {isa = PBXFileReference; fileEncoding = 4; lastKnownFileType = text.json; path = movies.json; sourceTree = "<group>"; };
		D0E123FA24A3CC3600F22F6B /* HomePresenter.swift */ = {isa = PBXFileReference; lastKnownFileType = sourcecode.swift; path = HomePresenter.swift; sourceTree = "<group>"; };
		D0E123FB24A3CC3600F22F6B /* HomeRouter.swift */ = {isa = PBXFileReference; lastKnownFileType = sourcecode.swift; path = HomeRouter.swift; sourceTree = "<group>"; };
		D0E123FC24A3CC3600F22F6B /* HomeViewController.swift */ = {isa = PBXFileReference; lastKnownFileType = sourcecode.swift; path = HomeViewController.swift; sourceTree = "<group>"; };
		D0E123FD24A3CC3600F22F6B /* HomeBuilder.swift */ = {isa = PBXFileReference; lastKnownFileType = sourcecode.swift; path = HomeBuilder.swift; sourceTree = "<group>"; };
		D0E123FE24A3CC3600F22F6B /* HomeInteractor.swift */ = {isa = PBXFileReference; lastKnownFileType = sourcecode.swift; path = HomeInteractor.swift; sourceTree = "<group>"; };
		D0E123FF24A3CC3600F22F6B /* HomeView.swift */ = {isa = PBXFileReference; lastKnownFileType = sourcecode.swift; path = HomeView.swift; sourceTree = "<group>"; };
		D0E1240E24A3CD0300F22F6B /* HomeConstant.swift */ = {isa = PBXFileReference; lastKnownFileType = sourcecode.swift; path = HomeConstant.swift; sourceTree = "<group>"; };
		D0E1241124A3CD5000F22F6B /* AppConstants.swift */ = {isa = PBXFileReference; lastKnownFileType = sourcecode.swift; path = AppConstants.swift; sourceTree = "<group>"; };
		D0E1241624A3D50B00F22F6B /* Movie.swift */ = {isa = PBXFileReference; lastKnownFileType = sourcecode.swift; path = Movie.swift; sourceTree = "<group>"; };
		D0E1241824A3D52200F22F6B /* MoviesResponse.swift */ = {isa = PBXFileReference; lastKnownFileType = sourcecode.swift; path = MoviesResponse.swift; sourceTree = "<group>"; };
		D0E1241C24A3D5BE00F22F6B /* HomeInteractorMock.swift */ = {isa = PBXFileReference; lastKnownFileType = sourcecode.swift; path = HomeInteractorMock.swift; sourceTree = "<group>"; };
		D0E8B4B724A53D31005A9296 /* PhotoCollectionViewCell.swift */ = {isa = PBXFileReference; lastKnownFileType = sourcecode.swift; path = PhotoCollectionViewCell.swift; sourceTree = "<group>"; };
		D0E8B4B824A53D31005A9296 /* PhotoCollectionViewCell.xib */ = {isa = PBXFileReference; lastKnownFileType = file.xib; path = PhotoCollectionViewCell.xib; sourceTree = "<group>"; };
		D0E8B4BB24A53E65005A9296 /* UIImageView+Extentions.swift */ = {isa = PBXFileReference; lastKnownFileType = sourcecode.swift; path = "UIImageView+Extentions.swift"; sourceTree = "<group>"; };
		D0E8B4BD24A53F0B005A9296 /* PhotoCollectionViewCellDataSource.swift */ = {isa = PBXFileReference; lastKnownFileType = sourcecode.swift; path = PhotoCollectionViewCellDataSource.swift; sourceTree = "<group>"; };
		D0F48E8024A682E100C7147B /* Photo.swift */ = {isa = PBXFileReference; lastKnownFileType = sourcecode.swift; path = Photo.swift; sourceTree = "<group>"; };
		D0F48E8224A682EF00C7147B /* PhotoResponse.swift */ = {isa = PBXFileReference; lastKnownFileType = sourcecode.swift; path = PhotoResponse.swift; sourceTree = "<group>"; };
		D0F48E8424A6839300C7147B /* DetailTarget.swift */ = {isa = PBXFileReference; lastKnownFileType = sourcecode.swift; path = DetailTarget.swift; sourceTree = "<group>"; };
		D0F48E8624A683D000C7147B /* DetailConstant.swift */ = {isa = PBXFileReference; lastKnownFileType = sourcecode.swift; path = DetailConstant.swift; sourceTree = "<group>"; };
		D0F48E8824A6AB6100C7147B /* DetailInteractorMock.swift */ = {isa = PBXFileReference; lastKnownFileType = sourcecode.swift; path = DetailInteractorMock.swift; sourceTree = "<group>"; };
		D3A6244D424E6158569F39E5 /* Pods-MovieMasterDetailTests.debug.xcconfig */ = {isa = PBXFileReference; includeInIndex = 1; lastKnownFileType = text.xcconfig; name = "Pods-MovieMasterDetailTests.debug.xcconfig"; path = "Target Support Files/Pods-MovieMasterDetailTests/Pods-MovieMasterDetailTests.debug.xcconfig"; sourceTree = "<group>"; };
		DD34A05A73C2BE096FD1A6B4 /* Pods-MovieMasterDetail.release.xcconfig */ = {isa = PBXFileReference; includeInIndex = 1; lastKnownFileType = text.xcconfig; name = "Pods-MovieMasterDetail.release.xcconfig"; path = "Target Support Files/Pods-MovieMasterDetail/Pods-MovieMasterDetail.release.xcconfig"; sourceTree = "<group>"; };
/* End PBXFileReference section */

/* Begin PBXFrameworksBuildPhase section */
		D0E123CD24A3C92A00F22F6B /* Frameworks */ = {
			isa = PBXFrameworksBuildPhase;
			buildActionMask = 2147483647;
			files = (
				70CA05ABD066D5C73FE7E2B7 /* Pods_MovieMasterDetail.framework in Frameworks */,
			);
			runOnlyForDeploymentPostprocessing = 0;
		};
		D0E123E324A3C92C00F22F6B /* Frameworks */ = {
			isa = PBXFrameworksBuildPhase;
			buildActionMask = 2147483647;
			files = (
				514202478004E5CDFC2050C6 /* Pods_MovieMasterDetailTests.framework in Frameworks */,
			);
			runOnlyForDeploymentPostprocessing = 0;
		};
/* End PBXFrameworksBuildPhase section */

/* Begin PBXGroup section */
		475AC78B15E6E50E98B4BC80 /* Pods */ = {
			isa = PBXGroup;
			children = (
				362198F965024DCAAFC518AF /* Pods-MovieMasterDetail.debug.xcconfig */,
				DD34A05A73C2BE096FD1A6B4 /* Pods-MovieMasterDetail.release.xcconfig */,
				D3A6244D424E6158569F39E5 /* Pods-MovieMasterDetailTests.debug.xcconfig */,
				5AD7A3BDC4459D18D1B9B80F /* Pods-MovieMasterDetailTests.release.xcconfig */,
			);
			path = Pods;
			sourceTree = "<group>";
		};
		4EA4512572F8FF91AB3C1EA9 /* Frameworks */ = {
			isa = PBXGroup;
			children = (
				30C1836F7BE560764EE76C6B /* Pods_MovieMasterDetail.framework */,
				B9889FF6A0AD4CB715E9198E /* Pods_MovieMasterDetailTests.framework */,
			);
			name = Frameworks;
			sourceTree = "<group>";
		};
		D0E0443B24A3FAAC00AADB5A /* Extentions */ = {
			isa = PBXGroup;
			children = (
				D0E0443C24A3FABA00AADB5A /* Array.swift */,
				D0E8B4BB24A53E65005A9296 /* UIImageView+Extentions.swift */,
				D0C27BC224A5411600910F8A /* UIViewController+Extentions.swift */,
			);
			path = Extentions;
			sourceTree = "<group>";
		};
		D0E0444824A410E300AADB5A /* View */ = {
			isa = PBXGroup;
			children = (
				D0E123FC24A3CC3600F22F6B /* HomeViewController.swift */,
				D0E123FF24A3CC3600F22F6B /* HomeView.swift */,
			);
			path = View;
			sourceTree = "<group>";
		};
		D0E0444924A410F600AADB5A /* Presenter */ = {
			isa = PBXGroup;
			children = (
				D0E123FA24A3CC3600F22F6B /* HomePresenter.swift */,
			);
			path = Presenter;
			sourceTree = "<group>";
		};
		D0E0444A24A4110200AADB5A /* Interactor */ = {
			isa = PBXGroup;
			children = (
				D0E123FE24A3CC3600F22F6B /* HomeInteractor.swift */,
			);
			path = Interactor;
			sourceTree = "<group>";
		};
		D0E0444B24A4111100AADB5A /* Router */ = {
			isa = PBXGroup;
			children = (
				D0E123FB24A3CC3600F22F6B /* HomeRouter.swift */,
			);
			path = Router;
			sourceTree = "<group>";
		};
		D0E0444C24A4115200AADB5A /* Detail */ = {
			isa = PBXGroup;
			children = (
				D0E8B4B524A53B43005A9296 /* VIPER */,
				D0E8B4B424A53B39005A9296 /* Target */,
				D0E8B4B324A53B30005A9296 /* Cells */,
			);
			path = Detail;
			sourceTree = "<group>";
		};
		D0E123C724A3C92A00F22F6B = {
			isa = PBXGroup;
			children = (
				D0E123D224A3C92A00F22F6B /* MovieMasterDetail */,
				D0E123E924A3C92C00F22F6B /* MovieMasterDetailTests */,
				D0E123D124A3C92A00F22F6B /* Products */,
				475AC78B15E6E50E98B4BC80 /* Pods */,
				4EA4512572F8FF91AB3C1EA9 /* Frameworks */,
			);
			sourceTree = "<group>";
		};
		D0E123D124A3C92A00F22F6B /* Products */ = {
			isa = PBXGroup;
			children = (
				D0E123D024A3C92A00F22F6B /* MovieMasterDetail.app */,
				D0E123E624A3C92C00F22F6B /* MovieMasterDetailTests.xctest */,
			);
			name = Products;
			sourceTree = "<group>";
		};
		D0E123D224A3C92A00F22F6B /* MovieMasterDetail */ = {
			isa = PBXGroup;
			children = (
				D0E0443B24A3FAAC00AADB5A /* Extentions */,
				D0E1241024A3CD3D00F22F6B /* Constants */,
				D0E123F824A3CC2500F22F6B /* Modules */,
				D0E123F524A3CC0C00F22F6B /* Resources */,
				D0E123D324A3C92A00F22F6B /* AppDelegate.swift */,
				D0E123D524A3C92A00F22F6B /* SceneDelegate.swift */,
				D0E123D924A3C92A00F22F6B /* Main.storyboard */,
				D0E123DC24A3C92C00F22F6B /* Assets.xcassets */,
				D0E123DE24A3C92C00F22F6B /* LaunchScreen.storyboard */,
				D0E123E124A3C92C00F22F6B /* Info.plist */,
			);
			path = MovieMasterDetail;
			sourceTree = "<group>";
		};
		D0E123E924A3C92C00F22F6B /* MovieMasterDetailTests */ = {
			isa = PBXGroup;
			children = (
				D0F48E8C24A6AE1E00C7147B /* Mocks */,
				D0E123EA24A3C92C00F22F6B /* MovieMasterDetailTests.swift */,
				D0E123EC24A3C92C00F22F6B /* Info.plist */,
			);
			path = MovieMasterDetailTests;
			sourceTree = "<group>";
		};
		D0E123F524A3CC0C00F22F6B /* Resources */ = {
			isa = PBXGroup;
			children = (
				D0E123F624A3CC1700F22F6B /* movies.json */,
			);
			path = Resources;
			sourceTree = "<group>";
		};
		D0E123F824A3CC2500F22F6B /* Modules */ = {
			isa = PBXGroup;
			children = (
				D0E0444C24A4115200AADB5A /* Detail */,
				D0E123F924A3CC2B00F22F6B /* Home */,
			);
			path = Modules;
			sourceTree = "<group>";
		};
		D0E123F924A3CC2B00F22F6B /* Home */ = {
			isa = PBXGroup;
			children = (
				D0E1240B24A3CCE800F22F6B /* Cells */,
				D0E1240924A3CCCB00F22F6B /* VIPER */,
				D0E1240824A3CC7200F22F6B /* Target */,
			);
			path = Home;
			sourceTree = "<group>";
		};
		D0E1240824A3CC7200F22F6B /* Target */ = {
			isa = PBXGroup;
			children = (
				D0E1240E24A3CD0300F22F6B /* HomeConstant.swift */,
			);
			path = Target;
			sourceTree = "<group>";
		};
		D0E1240924A3CCCB00F22F6B /* VIPER */ = {
			isa = PBXGroup;
			children = (
				D0E0444824A410E300AADB5A /* View */,
				D0E0444A24A4110200AADB5A /* Interactor */,
				D0E0444924A410F600AADB5A /* Presenter */,
				D0E1240A24A3CCE100F22F6B /* Entity */,
				D0E0444B24A4111100AADB5A /* Router */,
				D0E1241F24A3E3CB00F22F6B /* Builder */,
			);
			path = VIPER;
			sourceTree = "<group>";
		};
		D0E1240A24A3CCE100F22F6B /* Entity */ = {
			isa = PBXGroup;
			children = (
				D0E1241624A3D50B00F22F6B /* Movie.swift */,
				D0E1241824A3D52200F22F6B /* MoviesResponse.swift */,
			);
			path = Entity;
			sourceTree = "<group>";
		};
		D0E1240B24A3CCE800F22F6B /* Cells */ = {
			isa = PBXGroup;
			children = (
				D0E0443524A3EC6400AADB5A /* MovieTableViewCell.swift */,
				D0E0443624A3EC6400AADB5A /* MovieTableViewCell.xib */,
				D0E0443924A3ECC700AADB5A /* MovieTableViewCellDataSource.swift */,
			);
			path = Cells;
			sourceTree = "<group>";
		};
		D0E1241024A3CD3D00F22F6B /* Constants */ = {
			isa = PBXGroup;
			children = (
				D0E1241124A3CD5000F22F6B /* AppConstants.swift */,
			);
			path = Constants;
			sourceTree = "<group>";
		};
		D0E1241F24A3E3CB00F22F6B /* Builder */ = {
			isa = PBXGroup;
			children = (
				D0E123FD24A3CC3600F22F6B /* HomeBuilder.swift */,
			);
			path = Builder;
			sourceTree = "<group>";
		};
		D0E8B4B324A53B30005A9296 /* Cells */ = {
			isa = PBXGroup;
			children = (
				D0E8B4B724A53D31005A9296 /* PhotoCollectionViewCell.swift */,
				D0E8B4B824A53D31005A9296 /* PhotoCollectionViewCell.xib */,
				D0E8B4BD24A53F0B005A9296 /* PhotoCollectionViewCellDataSource.swift */,
			);
			path = Cells;
			sourceTree = "<group>";
		};
		D0E8B4B424A53B39005A9296 /* Target */ = {
			isa = PBXGroup;
			children = (
			);
			path = Target;
			sourceTree = "<group>";
		};
		D0E8B4B524A53B43005A9296 /* VIPER */ = {
			isa = PBXGroup;
			children = (
				D0F48E7F24A6828D00C7147B /* Target */,
				D0F48E7E24A6825800C7147B /* View */,
				D0F48E7D24A6824B00C7147B /* Interactor */,
				D0F48E7C24A6824400C7147B /* Presenter */,
				D0F48E7B24A6823D00C7147B /* Entity */,
				D0F48E7A24A6823200C7147B /* Router */,
				D0E0445024A4115F00AADB5A /* DetailBuilder.swift */,
			);
			path = VIPER;
			sourceTree = "<group>";
		};
		D0F48E7A24A6823200C7147B /* Router */ = {
			isa = PBXGroup;
			children = (
				D0E0444E24A4115F00AADB5A /* DetailRouter.swift */,
			);
			path = Router;
			sourceTree = "<group>";
		};
		D0F48E7B24A6823D00C7147B /* Entity */ = {
			isa = PBXGroup;
			children = (
				D0F48E8024A682E100C7147B /* Photo.swift */,
				D0F48E8224A682EF00C7147B /* PhotoResponse.swift */,
				D013DC6424A6B0DF00740C94 /* PhotoApiResponse.swift */,
			);
			path = Entity;
			sourceTree = "<group>";
		};
		D0F48E7C24A6824400C7147B /* Presenter */ = {
			isa = PBXGroup;
			children = (
				D0E0444D24A4115F00AADB5A /* DetailPresenter.swift */,
			);
			path = Presenter;
			sourceTree = "<group>";
		};
		D0F48E7D24A6824B00C7147B /* Interactor */ = {
			isa = PBXGroup;
			children = (
				D0E0445124A4115F00AADB5A /* DetailInteractor.swift */,
			);
			path = Interactor;
			sourceTree = "<group>";
		};
		D0F48E7E24A6825800C7147B /* View */ = {
			isa = PBXGroup;
			children = (
				D0E0444F24A4115F00AADB5A /* DetailViewController.swift */,
				D0E0445224A4115F00AADB5A /* DetailView.swift */,
				D0E0445324A4115F00AADB5A /* DetailViewController.xib */,
			);
			path = View;
			sourceTree = "<group>";
		};
		D0F48E7F24A6828D00C7147B /* Target */ = {
			isa = PBXGroup;
			children = (
				D0F48E8424A6839300C7147B /* DetailTarget.swift */,
				D0F48E8624A683D000C7147B /* DetailConstant.swift */,
			);
			path = Target;
			sourceTree = "<group>";
		};
		D0F48E8C24A6AE1E00C7147B /* Mocks */ = {
			isa = PBXGroup;
			children = (
				D0E1241C24A3D5BE00F22F6B /* HomeInteractorMock.swift */,
				D0F48E8824A6AB6100C7147B /* DetailInteractorMock.swift */,
			);
			path = Mocks;
			sourceTree = "<group>";
		};
/* End PBXGroup section */

/* Begin PBXNativeTarget section */
		D0E123CF24A3C92A00F22F6B /* MovieMasterDetail */ = {
			isa = PBXNativeTarget;
			buildConfigurationList = D0E123EF24A3C92C00F22F6B /* Build configuration list for PBXNativeTarget "MovieMasterDetail" */;
			buildPhases = (
				E69B94C92F5E386E0BCA7C68 /* [CP] Check Pods Manifest.lock */,
				D0E123CC24A3C92A00F22F6B /* Sources */,
				D0E123CD24A3C92A00F22F6B /* Frameworks */,
				D0E123CE24A3C92A00F22F6B /* Resources */,
				E13DFC0A26B37378081E5D68 /* [CP] Embed Pods Frameworks */,
			);
			buildRules = (
			);
			dependencies = (
			);
			name = MovieMasterDetail;
			productName = MovieMasterDetail;
			productReference = D0E123D024A3C92A00F22F6B /* MovieMasterDetail.app */;
			productType = "com.apple.product-type.application";
		};
		D0E123E524A3C92C00F22F6B /* MovieMasterDetailTests */ = {
			isa = PBXNativeTarget;
			buildConfigurationList = D0E123F224A3C92C00F22F6B /* Build configuration list for PBXNativeTarget "MovieMasterDetailTests" */;
			buildPhases = (
				2AF91FA61E0FCC66143BFC73 /* [CP] Check Pods Manifest.lock */,
				D0E123E224A3C92C00F22F6B /* Sources */,
				D0E123E324A3C92C00F22F6B /* Frameworks */,
				D0E123E424A3C92C00F22F6B /* Resources */,
				289358F0B1545807B9F9004E /* [CP] Embed Pods Frameworks */,
			);
			buildRules = (
			);
			dependencies = (
				D0E123E824A3C92C00F22F6B /* PBXTargetDependency */,
			);
			name = MovieMasterDetailTests;
			productName = MovieMasterDetailTests;
			productReference = D0E123E624A3C92C00F22F6B /* MovieMasterDetailTests.xctest */;
			productType = "com.apple.product-type.bundle.unit-test";
		};
/* End PBXNativeTarget section */

/* Begin PBXProject section */
		D0E123C824A3C92A00F22F6B /* Project object */ = {
			isa = PBXProject;
			attributes = {
				LastSwiftUpdateCheck = 1120;
				LastUpgradeCheck = 1120;
				ORGANIZATIONNAME = "Mena Gamal";
				TargetAttributes = {
					D0E123CF24A3C92A00F22F6B = {
						CreatedOnToolsVersion = 11.2.1;
					};
					D0E123E524A3C92C00F22F6B = {
						CreatedOnToolsVersion = 11.2.1;
						TestTargetID = D0E123CF24A3C92A00F22F6B;
					};
				};
			};
			buildConfigurationList = D0E123CB24A3C92A00F22F6B /* Build configuration list for PBXProject "MovieMasterDetail" */;
			compatibilityVersion = "Xcode 9.3";
			developmentRegion = en;
			hasScannedForEncodings = 0;
			knownRegions = (
				en,
				Base,
			);
			mainGroup = D0E123C724A3C92A00F22F6B;
			productRefGroup = D0E123D124A3C92A00F22F6B /* Products */;
			projectDirPath = "";
			projectRoot = "";
			targets = (
				D0E123CF24A3C92A00F22F6B /* MovieMasterDetail */,
				D0E123E524A3C92C00F22F6B /* MovieMasterDetailTests */,
			);
		};
/* End PBXProject section */

/* Begin PBXResourcesBuildPhase section */
		D0E123CE24A3C92A00F22F6B /* Resources */ = {
			isa = PBXResourcesBuildPhase;
			buildActionMask = 2147483647;
			files = (
				D0E123E024A3C92C00F22F6B /* LaunchScreen.storyboard in Resources */,
				D0E0445A24A4115F00AADB5A /* DetailViewController.xib in Resources */,
				D0E0443824A3EC6400AADB5A /* MovieTableViewCell.xib in Resources */,
				D0E123DD24A3C92C00F22F6B /* Assets.xcassets in Resources */,
				D0E8B4BA24A53D31005A9296 /* PhotoCollectionViewCell.xib in Resources */,
				D0E123F724A3CC1700F22F6B /* movies.json in Resources */,
				D0E123DB24A3C92A00F22F6B /* Main.storyboard in Resources */,
			);
			runOnlyForDeploymentPostprocessing = 0;
		};
		D0E123E424A3C92C00F22F6B /* Resources */ = {
			isa = PBXResourcesBuildPhase;
			buildActionMask = 2147483647;
			files = (
				D0C27BCC24A54BD200910F8A /* PhotoCollectionViewCell.xib in Resources */,
				D0E1241524A3D11A00F22F6B /* movies.json in Resources */,
				D0C27BCA24A54BB500910F8A /* DetailViewController.xib in Resources */,
			);
			runOnlyForDeploymentPostprocessing = 0;
		};
/* End PBXResourcesBuildPhase section */

/* Begin PBXShellScriptBuildPhase section */
		289358F0B1545807B9F9004E /* [CP] Embed Pods Frameworks */ = {
			isa = PBXShellScriptBuildPhase;
			buildActionMask = 2147483647;
			files = (
			);
			inputFileListPaths = (
				"${PODS_ROOT}/Target Support Files/Pods-MovieMasterDetailTests/Pods-MovieMasterDetailTests-frameworks-${CONFIGURATION}-input-files.xcfilelist",
			);
			name = "[CP] Embed Pods Frameworks";
			outputFileListPaths = (
				"${PODS_ROOT}/Target Support Files/Pods-MovieMasterDetailTests/Pods-MovieMasterDetailTests-frameworks-${CONFIGURATION}-output-files.xcfilelist",
			);
			runOnlyForDeploymentPostprocessing = 0;
			shellPath = /bin/sh;
			shellScript = "\"${PODS_ROOT}/Target Support Files/Pods-MovieMasterDetailTests/Pods-MovieMasterDetailTests-frameworks.sh\"\n";
			showEnvVarsInLog = 0;
		};
		2AF91FA61E0FCC66143BFC73 /* [CP] Check Pods Manifest.lock */ = {
			isa = PBXShellScriptBuildPhase;
			buildActionMask = 2147483647;
			files = (
			);
			inputFileListPaths = (
			);
			inputPaths = (
				"${PODS_PODFILE_DIR_PATH}/Podfile.lock",
				"${PODS_ROOT}/Manifest.lock",
			);
			name = "[CP] Check Pods Manifest.lock";
			outputFileListPaths = (
			);
			outputPaths = (
				"$(DERIVED_FILE_DIR)/Pods-MovieMasterDetailTests-checkManifestLockResult.txt",
			);
			runOnlyForDeploymentPostprocessing = 0;
			shellPath = /bin/sh;
			shellScript = "diff \"${PODS_PODFILE_DIR_PATH}/Podfile.lock\" \"${PODS_ROOT}/Manifest.lock\" > /dev/null\nif [ $? != 0 ] ; then\n    # print error to STDERR\n    echo \"error: The sandbox is not in sync with the Podfile.lock. Run 'pod install' or update your CocoaPods installation.\" >&2\n    exit 1\nfi\n# This output is used by Xcode 'outputs' to avoid re-running this script phase.\necho \"SUCCESS\" > \"${SCRIPT_OUTPUT_FILE_0}\"\n";
			showEnvVarsInLog = 0;
		};
		E13DFC0A26B37378081E5D68 /* [CP] Embed Pods Frameworks */ = {
			isa = PBXShellScriptBuildPhase;
			buildActionMask = 2147483647;
			files = (
			);
			inputFileListPaths = (
				"${PODS_ROOT}/Target Support Files/Pods-MovieMasterDetail/Pods-MovieMasterDetail-frameworks-${CONFIGURATION}-input-files.xcfilelist",
			);
			name = "[CP] Embed Pods Frameworks";
			outputFileListPaths = (
				"${PODS_ROOT}/Target Support Files/Pods-MovieMasterDetail/Pods-MovieMasterDetail-frameworks-${CONFIGURATION}-output-files.xcfilelist",
			);
			runOnlyForDeploymentPostprocessing = 0;
			shellPath = /bin/sh;
			shellScript = "\"${PODS_ROOT}/Target Support Files/Pods-MovieMasterDetail/Pods-MovieMasterDetail-frameworks.sh\"\n";
			showEnvVarsInLog = 0;
		};
		E69B94C92F5E386E0BCA7C68 /* [CP] Check Pods Manifest.lock */ = {
			isa = PBXShellScriptBuildPhase;
			buildActionMask = 2147483647;
			files = (
			);
			inputFileListPaths = (
			);
			inputPaths = (
				"${PODS_PODFILE_DIR_PATH}/Podfile.lock",
				"${PODS_ROOT}/Manifest.lock",
			);
			name = "[CP] Check Pods Manifest.lock";
			outputFileListPaths = (
			);
			outputPaths = (
				"$(DERIVED_FILE_DIR)/Pods-MovieMasterDetail-checkManifestLockResult.txt",
			);
			runOnlyForDeploymentPostprocessing = 0;
			shellPath = /bin/sh;
			shellScript = "diff \"${PODS_PODFILE_DIR_PATH}/Podfile.lock\" \"${PODS_ROOT}/Manifest.lock\" > /dev/null\nif [ $? != 0 ] ; then\n    # print error to STDERR\n    echo \"error: The sandbox is not in sync with the Podfile.lock. Run 'pod install' or update your CocoaPods installation.\" >&2\n    exit 1\nfi\n# This output is used by Xcode 'outputs' to avoid re-running this script phase.\necho \"SUCCESS\" > \"${SCRIPT_OUTPUT_FILE_0}\"\n";
			showEnvVarsInLog = 0;
		};
/* End PBXShellScriptBuildPhase section */

/* Begin PBXSourcesBuildPhase section */
		D0E123CC24A3C92A00F22F6B /* Sources */ = {
			isa = PBXSourcesBuildPhase;
			buildActionMask = 2147483647;
			files = (
				D0E1240424A3CC3600F22F6B /* HomeBuilder.swift in Sources */,
				D0E1240324A3CC3600F22F6B /* HomeViewController.swift in Sources */,
				D0E0443724A3EC6400AADB5A /* MovieTableViewCell.swift in Sources */,
				D0E8B4BC24A53E65005A9296 /* UIImageView+Extentions.swift in Sources */,
				D0E1241724A3D50B00F22F6B /* Movie.swift in Sources */,
				D0E1240124A3CC3600F22F6B /* HomePresenter.swift in Sources */,
				D0F48E8124A682E100C7147B /* Photo.swift in Sources */,
				D0E0443D24A3FABA00AADB5A /* Array.swift in Sources */,
				D013DC6524A6B0DF00740C94 /* PhotoApiResponse.swift in Sources */,
				D0E1241224A3CD5000F22F6B /* AppConstants.swift in Sources */,
				D0F48E8324A682EF00C7147B /* PhotoResponse.swift in Sources */,
				D0E1240224A3CC3600F22F6B /* HomeRouter.swift in Sources */,
				D0E123D424A3C92A00F22F6B /* AppDelegate.swift in Sources */,
				D0F48E8724A683D000C7147B /* DetailConstant.swift in Sources */,
				D0E8B4B924A53D31005A9296 /* PhotoCollectionViewCell.swift in Sources */,
				D0E0445624A4115F00AADB5A /* DetailViewController.swift in Sources */,
				D0E0445924A4115F00AADB5A /* DetailView.swift in Sources */,
				D0F48E8524A6839300C7147B /* DetailTarget.swift in Sources */,
				D0C27BC324A5411600910F8A /* UIViewController+Extentions.swift in Sources */,
				D0E1240624A3CC3600F22F6B /* HomeView.swift in Sources */,
				D0E8B4BE24A53F0B005A9296 /* PhotoCollectionViewCellDataSource.swift in Sources */,
				D0E0445824A4115F00AADB5A /* DetailInteractor.swift in Sources */,
				D0E123D624A3C92A00F22F6B /* SceneDelegate.swift in Sources */,
				D0E0445424A4115F00AADB5A /* DetailPresenter.swift in Sources */,
				D0E0445724A4115F00AADB5A /* DetailBuilder.swift in Sources */,
				D0E1240F24A3CD0300F22F6B /* HomeConstant.swift in Sources */,
				D0E0443A24A3ECC700AADB5A /* MovieTableViewCellDataSource.swift in Sources */,
				D0E0445524A4115F00AADB5A /* DetailRouter.swift in Sources */,
				D0E1240524A3CC3600F22F6B /* HomeInteractor.swift in Sources */,
				D0E1241924A3D52200F22F6B /* MoviesResponse.swift in Sources */,
			);
			runOnlyForDeploymentPostprocessing = 0;
		};
		D0E123E224A3C92C00F22F6B /* Sources */ = {
			isa = PBXSourcesBuildPhase;
			buildActionMask = 2147483647;
			files = (
				D0C27BC524A54BB500910F8A /* DetailRouter.swift in Sources */,
				D0C27BCB24A54BD200910F8A /* PhotoCollectionViewCell.swift in Sources */,
				D0E123EB24A3C92C00F22F6B /* MovieMasterDetailTests.swift in Sources */,
				D013DC6824A6B15000740C94 /* Photo.swift in Sources */,
				D013DC6724A6B12F00740C94 /* PhotoResponse.swift in Sources */,
				D0F48E8924A6AB6100C7147B /* DetailInteractorMock.swift in Sources */,
				D0E0443E24A3FB7B00AADB5A /* AppConstants.swift in Sources */,
				D0C27BC824A54BB500910F8A /* DetailInteractor.swift in Sources */,
				D0E0444024A3FC9200AADB5A /* Array.swift in Sources */,
				D0E1241D24A3D5BE00F22F6B /* HomeInteractorMock.swift in Sources */,
				D0E1241A24A3D54400F22F6B /* MoviesResponse.swift in Sources */,
				D0C27BC424A54BB500910F8A /* DetailPresenter.swift in Sources */,
				D0C27BC624A54BB500910F8A /* DetailViewController.swift in Sources */,
				D0F48E8A24A6ABE200C7147B /* DetailTarget.swift in Sources */,
				D0E1241E24A3D73100F22F6B /* HomeInteractor.swift in Sources */,
				D0C27BCD24A54BD200910F8A /* PhotoCollectionViewCellDataSource.swift in Sources */,
				D0E1241B24A3D54600F22F6B /* Movie.swift in Sources */,
				D0E0444324A3FCAD00AADB5A /* HomeConstant.swift in Sources */,
				D0E0444724A3FCD200AADB5A /* MovieTableViewCellDataSource.swift in Sources */,
				D0E0444524A3FCC500AADB5A /* HomeView.swift in Sources */,
				D013DC6624A6B0F600740C94 /* PhotoApiResponse.swift in Sources */,
				D0E0444124A3FC9800AADB5A /* HomePresenter.swift in Sources */,
				D0C27BC724A54BB500910F8A /* DetailBuilder.swift in Sources */,
				D013DC6924A6B34A00740C94 /* UIImageView+Extentions.swift in Sources */,
				D0F48E8B24A6ACC400C7147B /* DetailConstant.swift in Sources */,
				D0C27BC924A54BB500910F8A /* DetailView.swift in Sources */,
				D0E0444424A3FCC500AADB5A /* HomeRouter.swift in Sources */,
				D0E0444624A3FCD200AADB5A /* MovieTableViewCell.swift in Sources */,
			);
			runOnlyForDeploymentPostprocessing = 0;
		};
/* End PBXSourcesBuildPhase section */

/* Begin PBXTargetDependency section */
		D0E123E824A3C92C00F22F6B /* PBXTargetDependency */ = {
			isa = PBXTargetDependency;
			target = D0E123CF24A3C92A00F22F6B /* MovieMasterDetail */;
			targetProxy = D0E123E724A3C92C00F22F6B /* PBXContainerItemProxy */;
		};
/* End PBXTargetDependency section */

/* Begin PBXVariantGroup section */
		D0E123D924A3C92A00F22F6B /* Main.storyboard */ = {
			isa = PBXVariantGroup;
			children = (
				D0E123DA24A3C92A00F22F6B /* Base */,
			);
			name = Main.storyboard;
			sourceTree = "<group>";
		};
		D0E123DE24A3C92C00F22F6B /* LaunchScreen.storyboard */ = {
			isa = PBXVariantGroup;
			children = (
				D0E123DF24A3C92C00F22F6B /* Base */,
			);
			name = LaunchScreen.storyboard;
			sourceTree = "<group>";
		};
/* End PBXVariantGroup section */

/* Begin XCBuildConfiguration section */
		D0E123ED24A3C92C00F22F6B /* Debug */ = {
			isa = XCBuildConfiguration;
			buildSettings = {
				ALWAYS_SEARCH_USER_PATHS = NO;
				CLANG_ANALYZER_NONNULL = YES;
				CLANG_ANALYZER_NUMBER_OBJECT_CONVERSION = YES_AGGRESSIVE;
				CLANG_CXX_LANGUAGE_STANDARD = "gnu++14";
				CLANG_CXX_LIBRARY = "libc++";
				CLANG_ENABLE_MODULES = YES;
				CLANG_ENABLE_OBJC_ARC = YES;
				CLANG_ENABLE_OBJC_WEAK = YES;
				CLANG_WARN_BLOCK_CAPTURE_AUTORELEASING = YES;
				CLANG_WARN_BOOL_CONVERSION = YES;
				CLANG_WARN_COMMA = YES;
				CLANG_WARN_CONSTANT_CONVERSION = YES;
				CLANG_WARN_DEPRECATED_OBJC_IMPLEMENTATIONS = YES;
				CLANG_WARN_DIRECT_OBJC_ISA_USAGE = YES_ERROR;
				CLANG_WARN_DOCUMENTATION_COMMENTS = YES;
				CLANG_WARN_EMPTY_BODY = YES;
				CLANG_WARN_ENUM_CONVERSION = YES;
				CLANG_WARN_INFINITE_RECURSION = YES;
				CLANG_WARN_INT_CONVERSION = YES;
				CLANG_WARN_NON_LITERAL_NULL_CONVERSION = YES;
				CLANG_WARN_OBJC_IMPLICIT_RETAIN_SELF = YES;
				CLANG_WARN_OBJC_LITERAL_CONVERSION = YES;
				CLANG_WARN_OBJC_ROOT_CLASS = YES_ERROR;
				CLANG_WARN_RANGE_LOOP_ANALYSIS = YES;
				CLANG_WARN_STRICT_PROTOTYPES = YES;
				CLANG_WARN_SUSPICIOUS_MOVE = YES;
				CLANG_WARN_UNGUARDED_AVAILABILITY = YES_AGGRESSIVE;
				CLANG_WARN_UNREACHABLE_CODE = YES;
				CLANG_WARN__DUPLICATE_METHOD_MATCH = YES;
				COPY_PHASE_STRIP = NO;
				DEBUG_INFORMATION_FORMAT = dwarf;
				ENABLE_STRICT_OBJC_MSGSEND = YES;
				ENABLE_TESTABILITY = YES;
				GCC_C_LANGUAGE_STANDARD = gnu11;
				GCC_DYNAMIC_NO_PIC = NO;
				GCC_NO_COMMON_BLOCKS = YES;
				GCC_OPTIMIZATION_LEVEL = 0;
				GCC_PREPROCESSOR_DEFINITIONS = (
					"DEBUG=1",
					"$(inherited)",
				);
				GCC_WARN_64_TO_32_BIT_CONVERSION = YES;
				GCC_WARN_ABOUT_RETURN_TYPE = YES_ERROR;
				GCC_WARN_UNDECLARED_SELECTOR = YES;
				GCC_WARN_UNINITIALIZED_AUTOS = YES_AGGRESSIVE;
				GCC_WARN_UNUSED_FUNCTION = YES;
				GCC_WARN_UNUSED_VARIABLE = YES;
				IPHONEOS_DEPLOYMENT_TARGET = 13.2;
				MTL_ENABLE_DEBUG_INFO = INCLUDE_SOURCE;
				MTL_FAST_MATH = YES;
				ONLY_ACTIVE_ARCH = YES;
				SDKROOT = iphoneos;
				SWIFT_ACTIVE_COMPILATION_CONDITIONS = DEBUG;
				SWIFT_OPTIMIZATION_LEVEL = "-Onone";
			};
			name = Debug;
		};
		D0E123EE24A3C92C00F22F6B /* Release */ = {
			isa = XCBuildConfiguration;
			buildSettings = {
				ALWAYS_SEARCH_USER_PATHS = NO;
				CLANG_ANALYZER_NONNULL = YES;
				CLANG_ANALYZER_NUMBER_OBJECT_CONVERSION = YES_AGGRESSIVE;
				CLANG_CXX_LANGUAGE_STANDARD = "gnu++14";
				CLANG_CXX_LIBRARY = "libc++";
				CLANG_ENABLE_MODULES = YES;
				CLANG_ENABLE_OBJC_ARC = YES;
				CLANG_ENABLE_OBJC_WEAK = YES;
				CLANG_WARN_BLOCK_CAPTURE_AUTORELEASING = YES;
				CLANG_WARN_BOOL_CONVERSION = YES;
				CLANG_WARN_COMMA = YES;
				CLANG_WARN_CONSTANT_CONVERSION = YES;
				CLANG_WARN_DEPRECATED_OBJC_IMPLEMENTATIONS = YES;
				CLANG_WARN_DIRECT_OBJC_ISA_USAGE = YES_ERROR;
				CLANG_WARN_DOCUMENTATION_COMMENTS = YES;
				CLANG_WARN_EMPTY_BODY = YES;
				CLANG_WARN_ENUM_CONVERSION = YES;
				CLANG_WARN_INFINITE_RECURSION = YES;
				CLANG_WARN_INT_CONVERSION = YES;
				CLANG_WARN_NON_LITERAL_NULL_CONVERSION = YES;
				CLANG_WARN_OBJC_IMPLICIT_RETAIN_SELF = YES;
				CLANG_WARN_OBJC_LITERAL_CONVERSION = YES;
				CLANG_WARN_OBJC_ROOT_CLASS = YES_ERROR;
				CLANG_WARN_RANGE_LOOP_ANALYSIS = YES;
				CLANG_WARN_STRICT_PROTOTYPES = YES;
				CLANG_WARN_SUSPICIOUS_MOVE = YES;
				CLANG_WARN_UNGUARDED_AVAILABILITY = YES_AGGRESSIVE;
				CLANG_WARN_UNREACHABLE_CODE = YES;
				CLANG_WARN__DUPLICATE_METHOD_MATCH = YES;
				COPY_PHASE_STRIP = NO;
				DEBUG_INFORMATION_FORMAT = "dwarf-with-dsym";
				ENABLE_NS_ASSERTIONS = NO;
				ENABLE_STRICT_OBJC_MSGSEND = YES;
				GCC_C_LANGUAGE_STANDARD = gnu11;
				GCC_NO_COMMON_BLOCKS = YES;
				GCC_WARN_64_TO_32_BIT_CONVERSION = YES;
				GCC_WARN_ABOUT_RETURN_TYPE = YES_ERROR;
				GCC_WARN_UNDECLARED_SELECTOR = YES;
				GCC_WARN_UNINITIALIZED_AUTOS = YES_AGGRESSIVE;
				GCC_WARN_UNUSED_FUNCTION = YES;
				GCC_WARN_UNUSED_VARIABLE = YES;
				IPHONEOS_DEPLOYMENT_TARGET = 13.2;
				MTL_ENABLE_DEBUG_INFO = NO;
				MTL_FAST_MATH = YES;
				SDKROOT = iphoneos;
				SWIFT_COMPILATION_MODE = wholemodule;
				SWIFT_OPTIMIZATION_LEVEL = "-O";
				VALIDATE_PRODUCT = YES;
			};
			name = Release;
		};
		D0E123F024A3C92C00F22F6B /* Debug */ = {
			isa = XCBuildConfiguration;
			baseConfigurationReference = 362198F965024DCAAFC518AF /* Pods-MovieMasterDetail.debug.xcconfig */;
			buildSettings = {
				ASSETCATALOG_COMPILER_APPICON_NAME = AppIcon;
				CODE_SIGN_STYLE = Automatic;
				DEVELOPMENT_TEAM = RHBB3377R2;
				INFOPLIST_FILE = MovieMasterDetail/Info.plist;
				LD_RUNPATH_SEARCH_PATHS = (
					"$(inherited)",
					"@executable_path/Frameworks",
				);
				PRODUCT_BUNDLE_IDENTIFIER = com.mena.MovieMasterDetail;
				PRODUCT_NAME = "$(TARGET_NAME)";
				SWIFT_VERSION = 5.0;
				TARGETED_DEVICE_FAMILY = "1,2";
			};
			name = Debug;
		};
		D0E123F124A3C92C00F22F6B /* Release */ = {
			isa = XCBuildConfiguration;
			baseConfigurationReference = DD34A05A73C2BE096FD1A6B4 /* Pods-MovieMasterDetail.release.xcconfig */;
			buildSettings = {
				ASSETCATALOG_COMPILER_APPICON_NAME = AppIcon;
				CODE_SIGN_STYLE = Automatic;
				DEVELOPMENT_TEAM = RHBB3377R2;
				INFOPLIST_FILE = MovieMasterDetail/Info.plist;
				LD_RUNPATH_SEARCH_PATHS = (
					"$(inherited)",
					"@executable_path/Frameworks",
				);
				PRODUCT_BUNDLE_IDENTIFIER = com.mena.MovieMasterDetail;
				PRODUCT_NAME = "$(TARGET_NAME)";
				SWIFT_VERSION = 5.0;
				TARGETED_DEVICE_FAMILY = "1,2";
			};
			name = Release;
		};
		D0E123F324A3C92C00F22F6B /* Debug */ = {
			isa = XCBuildConfiguration;
			baseConfigurationReference = D3A6244D424E6158569F39E5 /* Pods-MovieMasterDetailTests.debug.xcconfig */;
			buildSettings = {
				ALWAYS_EMBED_SWIFT_STANDARD_LIBRARIES = YES;
				BUNDLE_LOADER = "$(TEST_HOST)";
				CODE_SIGN_STYLE = Automatic;
				DEVELOPMENT_TEAM = RHBB3377R2;
				INFOPLIST_FILE = MovieMasterDetailTests/Info.plist;
				IPHONEOS_DEPLOYMENT_TARGET = 13.2;
				LD_RUNPATH_SEARCH_PATHS = (
					"$(inherited)",
					"@executable_path/Frameworks",
					"@loader_path/Frameworks",
				);
				PRODUCT_BUNDLE_IDENTIFIER = com.mena.MovieMasterDetailTests;
				PRODUCT_NAME = "$(TARGET_NAME)";
				SWIFT_VERSION = 5.0;
				TARGETED_DEVICE_FAMILY = "1,2";
				TEST_HOST = "$(BUILT_PRODUCTS_DIR)/MovieMasterDetail.app/MovieMasterDetail";
			};
			name = Debug;
		};
		D0E123F424A3C92C00F22F6B /* Release */ = {
			isa = XCBuildConfiguration;
			baseConfigurationReference = 5AD7A3BDC4459D18D1B9B80F /* Pods-MovieMasterDetailTests.release.xcconfig */;
			buildSettings = {
				ALWAYS_EMBED_SWIFT_STANDARD_LIBRARIES = YES;
				BUNDLE_LOADER = "$(TEST_HOST)";
				CODE_SIGN_STYLE = Automatic;
				DEVELOPMENT_TEAM = RHBB3377R2;
				INFOPLIST_FILE = MovieMasterDetailTests/Info.plist;
				IPHONEOS_DEPLOYMENT_TARGET = 13.2;
				LD_RUNPATH_SEARCH_PATHS = (
					"$(inherited)",
					"@executable_path/Frameworks",
					"@loader_path/Frameworks",
				);
				PRODUCT_BUNDLE_IDENTIFIER = com.mena.MovieMasterDetailTests;
				PRODUCT_NAME = "$(TARGET_NAME)";
				SWIFT_VERSION = 5.0;
				TARGETED_DEVICE_FAMILY = "1,2";
				TEST_HOST = "$(BUILT_PRODUCTS_DIR)/MovieMasterDetail.app/MovieMasterDetail";
			};
			name = Release;
		};
/* End XCBuildConfiguration section */

/* Begin XCConfigurationList section */
		D0E123CB24A3C92A00F22F6B /* Build configuration list for PBXProject "MovieMasterDetail" */ = {
			isa = XCConfigurationList;
			buildConfigurations = (
				D0E123ED24A3C92C00F22F6B /* Debug */,
				D0E123EE24A3C92C00F22F6B /* Release */,
			);
			defaultConfigurationIsVisible = 0;
			defaultConfigurationName = Release;
		};
		D0E123EF24A3C92C00F22F6B /* Build configuration list for PBXNativeTarget "MovieMasterDetail" */ = {
			isa = XCConfigurationList;
			buildConfigurations = (
				D0E123F024A3C92C00F22F6B /* Debug */,
				D0E123F124A3C92C00F22F6B /* Release */,
			);
			defaultConfigurationIsVisible = 0;
			defaultConfigurationName = Release;
		};
		D0E123F224A3C92C00F22F6B /* Build configuration list for PBXNativeTarget "MovieMasterDetailTests" */ = {
			isa = XCConfigurationList;
			buildConfigurations = (
				D0E123F324A3C92C00F22F6B /* Debug */,
				D0E123F424A3C92C00F22F6B /* Release */,
			);
			defaultConfigurationIsVisible = 0;
			defaultConfigurationName = Release;
		};
/* End XCConfigurationList section */
	};
	rootObject = D0E123C824A3C92A00F22F6B /* Project object */;
}
